{
  "name": "@polypoly-eu/api",
  "version": "0.3.1",
  "lockfileVersion": 2,
  "requires": true,
  "packages": {
    "": {
      "name": "@polypoly-eu/api",
      "version": "0.3.1",
      "dependencies": {
        "chai": "^4.2.0",
        "chai-as-promised": "^7.1.1",
        "fast-check": "^2.2.1"
      },
      "devDependencies": {
        "@graphy/core.data.factory": "^4.3.4",
        "@graphy/memory.dataset.fast": "^4.3.3",
        "@polypoly-eu/dummy-server": "file:../../../dev-utils/dummy-server",
        "@rdfjs/data-model": "^1.1.3",
        "@rdfjs/dataset": "^1.0.1",
        "@types/chai": "^4.2.14",
        "@types/chai-as-promised": "^7.1.5",
        "@types/n3": "^1.10.3",
        "@types/node": "^14.17.9",
        "@types/rdfjs__dataset": "^1.0.4",
        "memfs": "^3.4.1",
        "n3": "^1.8.0",
        "rdf-data-factory": "^1.0.4"
      }
    },
    "../../../dev-utils/dummy-server": {
      "name": "@polypoly-eu/dummy-server",
      "version": "0.0.2",
      "dev": true,
      "dependencies": {
        "express": "^4.17.1",
        "socket.io": "^4.4.1",
        "socket.io-client": "3.1.2"
      },
      "bin": {
        "start-dummy-server": "bin/server.start.js",
        "stop-dummy-server": "bin/server.stop.js"
      },
      "devDependencies": {
        "@babel/core": "^7.14.6",
        "supertest": "^6.2.2"
      }
    },
    "../utils": {
      "name": "@polypoly-eu/test-utils",
      "version": "0.0.1",
      "extraneous": true
    },
    "node_modules/@graphy/core.data.factory": {
      "version": "4.3.4",
      "resolved": "https://registry.npmjs.org/@graphy/core.data.factory/-/core.data.factory-4.3.4.tgz",
      "integrity": "sha512-IH/WkKG6kqfqNGgHIAseYXHkQTvWvjQsuDrfy+1IvOhFzJC8hRhqcBlse7ik4Cc7lzoWZWd6alQU3RA89D7nmw==",
      "dev": true,
      "dependencies": {
        "uri-js": "^4.4.0"
      },
      "engines": {
        "node": ">=8.4.0"
      }
    },
    "node_modules/@graphy/core.iso.stream": {
      "version": "4.3.4",
      "resolved": "https://registry.npmjs.org/@graphy/core.iso.stream/-/core.iso.stream-4.3.4.tgz",
      "integrity": "sha512-b66gmPVFC1a6RflI423Joq2gZ1BlIBfr2CiKChSzqlAYgzFWqQSKcI6ECP7gctZdezNc3h54t1+FljxPef3Ufg==",
      "dev": true,
      "dependencies": {
        "readable-stream": "^3.6.0"
      },
      "engines": {
        "node": ">=8.4.0"
      }
    },
    "node_modules/@graphy/memory.dataset.fast": {
      "version": "4.3.3",
      "resolved": "https://registry.npmjs.org/@graphy/memory.dataset.fast/-/memory.dataset.fast-4.3.3.tgz",
      "integrity": "sha512-7ooKeO/+tttXfNiO1mhtodHxiiXtKOOZXWNp1/WW1GgmnLVMsgFvcI1NaND4+wwFHWY/FCQBkCSxb7ADVbF0AQ==",
      "dev": true,
      "dependencies": {
        "@graphy/core.data.factory": "^4.3.3",
        "@graphy/core.iso.stream": "^4.3.3"
      },
      "engines": {
        "node": ">=8.4.0"
      }
    },
    "node_modules/@polypoly-eu/dummy-server": {
      "resolved": "../../../dev-utils/dummy-server",
      "link": true
    },
    "node_modules/@rdfjs/data-model": {
      "version": "1.3.4",
      "resolved": "https://registry.npmjs.org/@rdfjs/data-model/-/data-model-1.3.4.tgz",
      "integrity": "sha512-iKzNcKvJotgbFDdti7GTQDCYmL7GsGldkYStiP0K8EYtN7deJu5t7U11rKTz+nR7RtesUggT+lriZ7BakFv8QQ==",
      "dev": true,
      "dependencies": {
        "@rdfjs/types": ">=1.0.1"
      },
      "bin": {
        "rdfjs-data-model-test": "bin/test.js"
      }
    },
    "node_modules/@rdfjs/dataset": {
      "version": "1.1.1",
      "resolved": "https://registry.npmjs.org/@rdfjs/dataset/-/dataset-1.1.1.tgz",
      "integrity": "sha512-BNwCSvG0cz0srsG5esq6CQKJc1m8g/M0DZpLuiEp0MMpfwguXX7VeS8TCg4UUG3DV/DqEvhy83ZKSEjdsYseeA==",
      "dev": true,
      "dependencies": {
        "@rdfjs/data-model": "^1.2.0"
      },
      "bin": {
        "rdfjs-dataset-test": "bin/test.js"
      }
    },
    "node_modules/@rdfjs/types": {
      "version": "1.0.1",
      "resolved": "https://registry.npmjs.org/@rdfjs/types/-/types-1.0.1.tgz",
      "integrity": "sha512-YxVkH0XrCNG3MWeZxfg596GFe+oorTVusmNxRP6ZHTsGczZ8AGvG3UchRNkg3Fy4MyysI7vBAA5YZbESL+VmHQ==",
      "dev": true,
      "dependencies": {
        "@types/node": "*"
      }
    },
    "node_modules/@types/chai": {
      "version": "4.2.22",
      "resolved": "https://registry.npmjs.org/@types/chai/-/chai-4.2.22.tgz",
      "integrity": "sha512-tFfcE+DSTzWAgifkjik9AySNqIyNoYwmR+uecPwwD/XRNfvOjmC/FjCxpiUGDkDVDphPfCUecSQVFw+lN3M3kQ==",
      "dev": true
    },
    "node_modules/@types/chai-as-promised": {
      "version": "7.1.5",
      "resolved": "https://registry.npmjs.org/@types/chai-as-promised/-/chai-as-promised-7.1.5.tgz",
      "integrity": "sha512-jStwss93SITGBwt/niYrkf2C+/1KTeZCZl1LaeezTlqppAKeoQC7jxyqYuP72sxBGKCIbw7oHgbYssIRzT5FCQ==",
      "dev": true,
      "dependencies": {
        "@types/chai": "*"
      }
    },
    "node_modules/@types/n3": {
      "version": "1.10.3",
      "resolved": "https://registry.npmjs.org/@types/n3/-/n3-1.10.3.tgz",
      "integrity": "sha512-eVw/weCi6JPooPTz7Zgezmdw5ypNE57Ep+SlxFhT75F0nL9snsu1TIpAMAqtzHvi7VKJKJbnuOxAy9jgFCXDTA==",
      "dev": true,
      "dependencies": {
        "@types/node": "*",
        "rdf-js": "^4.0.2"
      }
    },
    "node_modules/@types/node": {
      "version": "14.17.32",
      "resolved": "https://registry.npmjs.org/@types/node/-/node-14.17.32.tgz",
      "integrity": "sha512-JcII3D5/OapPGx+eJ+Ik1SQGyt6WvuqdRfh9jUwL6/iHGjmyOriBDciBUu7lEIBTL2ijxwrR70WUnw5AEDmFvQ==",
      "dev": true
    },
    "node_modules/@types/rdfjs__dataset": {
      "version": "1.0.5",
      "resolved": "https://registry.npmjs.org/@types/rdfjs__dataset/-/rdfjs__dataset-1.0.5.tgz",
      "integrity": "sha512-8OBC9Kr/ZSgNoUTe5mHTDPHaPt8Xen4XbYfqcbYv56d+4WdKliHXaFmFc0L4I5vsynE5JGu21Hvg2zWgX1Az6Q==",
      "dev": true,
      "dependencies": {
        "rdf-js": "^4.0.2"
      }
    },
    "node_modules/assertion-error": {
      "version": "1.1.0",
      "resolved": "https://registry.npmjs.org/assertion-error/-/assertion-error-1.1.0.tgz",
      "integrity": "sha512-jgsaNduz+ndvGyFt3uSuWqvy4lCnIJiovtouQN5JZHOKCS2QuhEdbcQHFhVksz2N2U9hXJo8odG7ETyWlEeuDw==",
      "engines": {
        "node": "*"
      }
    },
    "node_modules/chai": {
      "version": "4.3.6",
      "resolved": "https://registry.npmjs.org/chai/-/chai-4.3.6.tgz",
      "integrity": "sha512-bbcp3YfHCUzMOvKqsztczerVgBKSsEijCySNlHHbX3VG1nskvqjz5Rfso1gGwD6w6oOV3eI60pKuMOV5MV7p3Q==",
      "dependencies": {
        "assertion-error": "^1.1.0",
        "check-error": "^1.0.2",
        "deep-eql": "^3.0.1",
        "get-func-name": "^2.0.0",
        "loupe": "^2.3.1",
        "pathval": "^1.1.1",
        "type-detect": "^4.0.5"
      },
      "engines": {
        "node": ">=4"
      }
    },
    "node_modules/chai-as-promised": {
      "version": "7.1.1",
      "resolved": "https://registry.npmjs.org/chai-as-promised/-/chai-as-promised-7.1.1.tgz",
      "integrity": "sha512-azL6xMoi+uxu6z4rhWQ1jbdUhOMhis2PvscD/xjLqNMkv3BPPp2JyyuTHOrf9BOosGpNQ11v6BKv/g57RXbiaA==",
      "dependencies": {
        "check-error": "^1.0.2"
      },
      "peerDependencies": {
        "chai": ">= 2.1.2 < 5"
      }
    },
    "node_modules/check-error": {
      "version": "1.0.2",
      "resolved": "https://registry.npmjs.org/check-error/-/check-error-1.0.2.tgz",
      "integrity": "sha1-V00xLt2Iu13YkS6Sht1sCu1KrII=",
      "engines": {
        "node": "*"
      }
    },
    "node_modules/deep-eql": {
      "version": "3.0.1",
      "resolved": "https://registry.npmjs.org/deep-eql/-/deep-eql-3.0.1.tgz",
      "integrity": "sha512-+QeIQyN5ZuO+3Uk5DYh6/1eKO0m0YmJFGNmFHGACpf1ClL1nmlV/p4gNgbl2pJGxgXb4faqo6UE+M5ACEMyVcw==",
      "dependencies": {
        "type-detect": "^4.0.0"
      },
      "engines": {
        "node": ">=0.12"
      }
    },
    "node_modules/fast-check": {
      "version": "2.25.0",
      "resolved": "https://registry.npmjs.org/fast-check/-/fast-check-2.25.0.tgz",
      "integrity": "sha512-wRUT2KD2lAmT75WNIJIHECawoUUMHM0I5jrlLXGtGeqmPL8jl/EldUDjY1VCp6fDY8yflyfUeIOsOBrIbIiArg==",
      "dependencies": {
        "pure-rand": "^5.0.1"
      },
      "engines": {
        "node": ">=8.0.0"
      },
      "funding": {
        "type": "opencollective",
        "url": "https://opencollective.com/fast-check"
      }
    },
    "node_modules/fs-monkey": {
      "version": "1.0.3",
      "resolved": "https://registry.npmjs.org/fs-monkey/-/fs-monkey-1.0.3.tgz",
      "integrity": "sha512-cybjIfiiE+pTWicSCLFHSrXZ6EilF30oh91FDP9S2B051prEa7QWfrVTQm10/dDpswBDXZugPa1Ogu8Yh+HV0Q==",
      "dev": true
    },
    "node_modules/get-func-name": {
      "version": "2.0.0",
      "resolved": "https://registry.npmjs.org/get-func-name/-/get-func-name-2.0.0.tgz",
      "integrity": "sha1-6td0q+5y4gQJQzoGY2YCPdaIekE=",
      "engines": {
        "node": "*"
      }
    },
    "node_modules/inherits": {
      "version": "2.0.4",
      "resolved": "https://registry.npmjs.org/inherits/-/inherits-2.0.4.tgz",
      "integrity": "sha512-k/vGaX4/Yla3WzyMCvTQOXYeIHvqOKtnqBduzTHpzpQZzAskKMhZ2K+EnBiSM9zGSoIFeMpXKxa4dYeZIQqewQ==",
      "dev": true
    },
    "node_modules/loupe": {
      "version": "2.3.4",
      "resolved": "https://registry.npmjs.org/loupe/-/loupe-2.3.4.tgz",
      "integrity": "sha512-OvKfgCC2Ndby6aSTREl5aCCPTNIzlDfQZvZxNUrBrihDhL3xcrYegTblhmEiCrg2kKQz4XsFIaemE5BF4ybSaQ==",
      "dependencies": {
        "get-func-name": "^2.0.0"
      }
    },
    "node_modules/memfs": {
      "version": "3.4.1",
      "resolved": "https://registry.npmjs.org/memfs/-/memfs-3.4.1.tgz",
      "integrity": "sha512-1c9VPVvW5P7I85c35zAdEr1TD5+F11IToIHIlrVIcflfnzPkJa0ZoYEoEdYDP8KgPFoSZ/opDrUsAoZWym3mtw==",
      "dev": true,
      "dependencies": {
        "fs-monkey": "1.0.3"
      },
      "engines": {
        "node": ">= 4.0.0"
      }
    },
    "node_modules/n3": {
      "version": "1.11.1",
      "resolved": "https://registry.npmjs.org/n3/-/n3-1.11.1.tgz",
      "integrity": "sha512-yeTeYoatabMs6IMv71dYSIfgf+s+4DpLrnvRv8CKGRLnAt1lfWcnb+mwP67PZKq7Wvh7MCIGXaflayPkn0WzHw==",
      "dev": true,
      "dependencies": {
        "queue-microtask": "^1.1.2",
        "readable-stream": "^3.6.0"
      },
      "engines": {
        "node": ">=8.0"
      }
    },
    "node_modules/pathval": {
      "version": "1.1.1",
      "resolved": "https://registry.npmjs.org/pathval/-/pathval-1.1.1.tgz",
      "integrity": "sha512-Dp6zGqpTdETdR63lehJYPeIOqpiNBNtc7BpWSLrOje7UaIsE5aY92r/AunQA7rsXvet3lrJ3JnZX29UPTKXyKQ==",
      "engines": {
        "node": "*"
      }
    },
    "node_modules/punycode": {
      "version": "2.1.1",
      "resolved": "https://registry.npmjs.org/punycode/-/punycode-2.1.1.tgz",
      "integrity": "sha512-XRsRjdf+j5ml+y/6GKHPZbrF/8p2Yga0JPtdqTIY2Xe5ohJPD9saDJJLPvp9+NSBprVvevdXZybnj2cv8OEd0A==",
      "dev": true,
      "engines": {
        "node": ">=6"
      }
    },
    "node_modules/pure-rand": {
      "version": "5.0.1",
      "resolved": "https://registry.npmjs.org/pure-rand/-/pure-rand-5.0.1.tgz",
      "integrity": "sha512-ksWccjmXOHU2gJBnH0cK1lSYdvSZ0zLoCMSz/nTGh6hDvCSgcRxDyIcOBD6KNxFz3xhMPm/T267Tbe2JRymKEQ==",
      "funding": {
        "type": "opencollective",
        "url": "https://opencollective.com/fast-check"
      }
    },
    "node_modules/queue-microtask": {
      "version": "1.2.3",
      "resolved": "https://registry.npmjs.org/queue-microtask/-/queue-microtask-1.2.3.tgz",
      "integrity": "sha512-NuaNSa6flKT5JaSYQzJok04JzTL1CA6aGhv5rfLW3PgqA+M2ChpZQnAC8h8i4ZFkBS8X5RqkDBHA7r4hej3K9A==",
      "dev": true,
      "funding": [
        {
          "type": "github",
          "url": "https://github.com/sponsors/feross"
        },
        {
          "type": "patreon",
          "url": "https://www.patreon.com/feross"
        },
        {
          "type": "consulting",
          "url": "https://feross.org/support"
        }
      ]
    },
    "node_modules/rdf-data-factory": {
      "version": "1.1.0",
      "resolved": "https://registry.npmjs.org/rdf-data-factory/-/rdf-data-factory-1.1.0.tgz",
      "integrity": "sha512-g8feOVZ/KL1OK2Pco/jDBDFh4m29QDsOOD+rWloG9qFvIzRFchGy2CviLUX491E0ByewXxMpaq/A3zsWHQA16A==",
      "dev": true,
      "dependencies": {
        "@rdfjs/types": "*"
      }
    },
    "node_modules/rdf-js": {
      "version": "4.0.2",
      "resolved": "https://registry.npmjs.org/rdf-js/-/rdf-js-4.0.2.tgz",
      "integrity": "sha512-ApvlFa/WsQh8LpPK/6hctQwG06Z9ztQQGWVtrcrf9L6+sejHNXLPOqL+w7q3hF+iL0C4sv3AX1PUtGkLNzyZ0Q==",
      "dev": true,
      "dependencies": {
        "@rdfjs/types": "*"
      }
    },
    "node_modules/readable-stream": {
      "version": "3.6.0",
      "resolved": "https://registry.npmjs.org/readable-stream/-/readable-stream-3.6.0.tgz",
      "integrity": "sha512-BViHy7LKeTz4oNnkcLJ+lVSL6vpiFeX6/d3oSH8zCW7UxP2onchk+vTGB143xuFjHS3deTgkKoXXymXqymiIdA==",
      "dev": true,
      "dependencies": {
        "inherits": "^2.0.3",
        "string_decoder": "^1.1.1",
        "util-deprecate": "^1.0.1"
      },
      "engines": {
        "node": ">= 6"
      }
    },
    "node_modules/string_decoder": {
      "version": "1.3.0",
      "resolved": "https://registry.npmjs.org/string_decoder/-/string_decoder-1.3.0.tgz",
      "integrity": "sha512-hkRX8U1WjJFd8LsDJ2yQ/wWWxaopEsABU1XfkM8A+j0+85JAGppt16cr1Whg6KIbb4okU6Mql6BOj+uup/wKeA==",
      "dev": true,
      "dependencies": {
        "safe-buffer": "~5.2.0"
      }
    },
    "node_modules/string_decoder/node_modules/safe-buffer": {
      "version": "5.2.1",
      "resolved": "https://registry.npmjs.org/safe-buffer/-/safe-buffer-5.2.1.tgz",
      "integrity": "sha512-rp3So07KcdmmKbGvgaNxQSJr7bGVSVk5S9Eq1F+ppbRo70+YeaDxkw5Dd8NPN+GD6bjnYm2VuPuCXmpuYvmCXQ==",
      "dev": true,
      "funding": [
        {
          "type": "github",
          "url": "https://github.com/sponsors/feross"
        },
        {
          "type": "patreon",
          "url": "https://www.patreon.com/feross"
        },
        {
          "type": "consulting",
          "url": "https://feross.org/support"
        }
      ]
    },
    "node_modules/type-detect": {
      "version": "4.0.8",
      "resolved": "https://registry.npmjs.org/type-detect/-/type-detect-4.0.8.tgz",
      "integrity": "sha512-0fr/mIH1dlO+x7TlcMy+bIDqKPsw/70tVyeHW787goQjhmqaZe10uwLujubK9q9Lg6Fiho1KUKDYz0Z7k7g5/g==",
      "engines": {
        "node": ">=4"
      }
    },
    "node_modules/uri-js": {
      "version": "4.4.1",
      "resolved": "https://registry.npmjs.org/uri-js/-/uri-js-4.4.1.tgz",
      "integrity": "sha512-7rKUyy33Q1yc98pQ1DAmLtwX109F7TIfWlW1Ydo8Wl1ii1SeHieeh0HHfPeL2fMXK6z0s8ecKs9frCuLJvndBg==",
      "dev": true,
      "dependencies": {
        "punycode": "^2.1.0"
      }
    },
    "node_modules/util-deprecate": {
      "version": "1.0.2",
      "resolved": "https://registry.npmjs.org/util-deprecate/-/util-deprecate-1.0.2.tgz",
      "integrity": "sha1-RQ1Nyfpw3nMnYvvS1KKJgUGaDM8=",
      "dev": true
    }
  },
  "dependencies": {
    "@graphy/core.data.factory": {
      "version": "4.3.4",
      "resolved": "https://registry.npmjs.org/@graphy/core.data.factory/-/core.data.factory-4.3.4.tgz",
      "integrity": "sha512-IH/WkKG6kqfqNGgHIAseYXHkQTvWvjQsuDrfy+1IvOhFzJC8hRhqcBlse7ik4Cc7lzoWZWd6alQU3RA89D7nmw==",
      "dev": true,
      "requires": {
        "uri-js": "^4.4.0"
      }
    },
    "@graphy/core.iso.stream": {
      "version": "4.3.4",
      "resolved": "https://registry.npmjs.org/@graphy/core.iso.stream/-/core.iso.stream-4.3.4.tgz",
      "integrity": "sha512-b66gmPVFC1a6RflI423Joq2gZ1BlIBfr2CiKChSzqlAYgzFWqQSKcI6ECP7gctZdezNc3h54t1+FljxPef3Ufg==",
      "dev": true,
      "requires": {
        "readable-stream": "^3.6.0"
      }
    },
    "@graphy/memory.dataset.fast": {
      "version": "4.3.3",
      "resolved": "https://registry.npmjs.org/@graphy/memory.dataset.fast/-/memory.dataset.fast-4.3.3.tgz",
      "integrity": "sha512-7ooKeO/+tttXfNiO1mhtodHxiiXtKOOZXWNp1/WW1GgmnLVMsgFvcI1NaND4+wwFHWY/FCQBkCSxb7ADVbF0AQ==",
      "dev": true,
      "requires": {
        "@graphy/core.data.factory": "^4.3.3",
        "@graphy/core.iso.stream": "^4.3.3"
      }
    },
    "@polypoly-eu/dummy-server": {
      "version": "file:../../../dev-utils/dummy-server",
      "requires": {
        "@babel/core": "^7.14.6",
        "express": "^4.17.1",
        "socket.io": "^4.4.1",
        "socket.io-client": "3.1.2",
        "supertest": "^6.2.2"
      }
    },
    "@rdfjs/data-model": {
      "version": "1.3.4",
      "resolved": "https://registry.npmjs.org/@rdfjs/data-model/-/data-model-1.3.4.tgz",
      "integrity": "sha512-iKzNcKvJotgbFDdti7GTQDCYmL7GsGldkYStiP0K8EYtN7deJu5t7U11rKTz+nR7RtesUggT+lriZ7BakFv8QQ==",
      "dev": true,
      "requires": {
        "@rdfjs/types": ">=1.0.1"
      }
    },
    "@rdfjs/dataset": {
      "version": "1.1.1",
      "resolved": "https://registry.npmjs.org/@rdfjs/dataset/-/dataset-1.1.1.tgz",
      "integrity": "sha512-BNwCSvG0cz0srsG5esq6CQKJc1m8g/M0DZpLuiEp0MMpfwguXX7VeS8TCg4UUG3DV/DqEvhy83ZKSEjdsYseeA==",
      "dev": true,
      "requires": {
        "@rdfjs/data-model": "^1.2.0"
      }
    },
    "@rdfjs/types": {
      "version": "1.0.1",
      "resolved": "https://registry.npmjs.org/@rdfjs/types/-/types-1.0.1.tgz",
      "integrity": "sha512-YxVkH0XrCNG3MWeZxfg596GFe+oorTVusmNxRP6ZHTsGczZ8AGvG3UchRNkg3Fy4MyysI7vBAA5YZbESL+VmHQ==",
      "dev": true,
      "requires": {
        "@types/node": "*"
      }
    },
    "@types/chai": {
      "version": "4.2.22",
      "resolved": "https://registry.npmjs.org/@types/chai/-/chai-4.2.22.tgz",
      "integrity": "sha512-tFfcE+DSTzWAgifkjik9AySNqIyNoYwmR+uecPwwD/XRNfvOjmC/FjCxpiUGDkDVDphPfCUecSQVFw+lN3M3kQ==",
      "dev": true
    },
    "@types/chai-as-promised": {
      "version": "7.1.5",
      "resolved": "https://registry.npmjs.org/@types/chai-as-promised/-/chai-as-promised-7.1.5.tgz",
      "integrity": "sha512-jStwss93SITGBwt/niYrkf2C+/1KTeZCZl1LaeezTlqppAKeoQC7jxyqYuP72sxBGKCIbw7oHgbYssIRzT5FCQ==",
      "dev": true,
      "requires": {
        "@types/chai": "*"
      }
    },
    "@types/n3": {
      "version": "1.10.3",
      "resolved": "https://registry.npmjs.org/@types/n3/-/n3-1.10.3.tgz",
      "integrity": "sha512-eVw/weCi6JPooPTz7Zgezmdw5ypNE57Ep+SlxFhT75F0nL9snsu1TIpAMAqtzHvi7VKJKJbnuOxAy9jgFCXDTA==",
      "dev": true,
      "requires": {
        "@types/node": "*",
        "rdf-js": "^4.0.2"
      }
    },
    "@types/node": {
      "version": "14.17.32",
      "resolved": "https://registry.npmjs.org/@types/node/-/node-14.17.32.tgz",
      "integrity": "sha512-JcII3D5/OapPGx+eJ+Ik1SQGyt6WvuqdRfh9jUwL6/iHGjmyOriBDciBUu7lEIBTL2ijxwrR70WUnw5AEDmFvQ==",
      "dev": true
    },
    "@types/rdfjs__dataset": {
      "version": "1.0.5",
      "resolved": "https://registry.npmjs.org/@types/rdfjs__dataset/-/rdfjs__dataset-1.0.5.tgz",
      "integrity": "sha512-8OBC9Kr/ZSgNoUTe5mHTDPHaPt8Xen4XbYfqcbYv56d+4WdKliHXaFmFc0L4I5vsynE5JGu21Hvg2zWgX1Az6Q==",
      "dev": true,
      "requires": {
        "rdf-js": "^4.0.2"
      }
    },
    "assertion-error": {
      "version": "1.1.0",
      "resolved": "https://registry.npmjs.org/assertion-error/-/assertion-error-1.1.0.tgz",
      "integrity": "sha512-jgsaNduz+ndvGyFt3uSuWqvy4lCnIJiovtouQN5JZHOKCS2QuhEdbcQHFhVksz2N2U9hXJo8odG7ETyWlEeuDw=="
    },
    "chai": {
      "version": "4.3.6",
      "resolved": "https://registry.npmjs.org/chai/-/chai-4.3.6.tgz",
      "integrity": "sha512-bbcp3YfHCUzMOvKqsztczerVgBKSsEijCySNlHHbX3VG1nskvqjz5Rfso1gGwD6w6oOV3eI60pKuMOV5MV7p3Q==",
      "requires": {
        "assertion-error": "^1.1.0",
        "check-error": "^1.0.2",
        "deep-eql": "^3.0.1",
        "get-func-name": "^2.0.0",
        "loupe": "^2.3.1",
        "pathval": "^1.1.1",
        "type-detect": "^4.0.5"
      }
    },
    "chai-as-promised": {
      "version": "7.1.1",
      "resolved": "https://registry.npmjs.org/chai-as-promised/-/chai-as-promised-7.1.1.tgz",
      "integrity": "sha512-azL6xMoi+uxu6z4rhWQ1jbdUhOMhis2PvscD/xjLqNMkv3BPPp2JyyuTHOrf9BOosGpNQ11v6BKv/g57RXbiaA==",
      "requires": {
        "check-error": "^1.0.2"
      }
    },
    "check-error": {
      "version": "1.0.2",
      "resolved": "https://registry.npmjs.org/check-error/-/check-error-1.0.2.tgz",
      "integrity": "sha1-V00xLt2Iu13YkS6Sht1sCu1KrII="
    },
    "deep-eql": {
      "version": "3.0.1",
      "resolved": "https://registry.npmjs.org/deep-eql/-/deep-eql-3.0.1.tgz",
      "integrity": "sha512-+QeIQyN5ZuO+3Uk5DYh6/1eKO0m0YmJFGNmFHGACpf1ClL1nmlV/p4gNgbl2pJGxgXb4faqo6UE+M5ACEMyVcw==",
      "requires": {
        "type-detect": "^4.0.0"
      }
    },
    "fast-check": {
      "version": "2.25.0",
      "resolved": "https://registry.npmjs.org/fast-check/-/fast-check-2.25.0.tgz",
      "integrity": "sha512-wRUT2KD2lAmT75WNIJIHECawoUUMHM0I5jrlLXGtGeqmPL8jl/EldUDjY1VCp6fDY8yflyfUeIOsOBrIbIiArg==",
      "requires": {
        "pure-rand": "^5.0.1"
      }
    },
    "fs-monkey": {
      "version": "1.0.3",
      "resolved": "https://registry.npmjs.org/fs-monkey/-/fs-monkey-1.0.3.tgz",
      "integrity": "sha512-cybjIfiiE+pTWicSCLFHSrXZ6EilF30oh91FDP9S2B051prEa7QWfrVTQm10/dDpswBDXZugPa1Ogu8Yh+HV0Q==",
      "dev": true
    },
    "get-func-name": {
      "version": "2.0.0",
      "resolved": "https://registry.npmjs.org/get-func-name/-/get-func-name-2.0.0.tgz",
      "integrity": "sha1-6td0q+5y4gQJQzoGY2YCPdaIekE="
    },
    "inherits": {
      "version": "2.0.4",
      "resolved": "https://registry.npmjs.org/inherits/-/inherits-2.0.4.tgz",
      "integrity": "sha512-k/vGaX4/Yla3WzyMCvTQOXYeIHvqOKtnqBduzTHpzpQZzAskKMhZ2K+EnBiSM9zGSoIFeMpXKxa4dYeZIQqewQ==",
      "dev": true
    },
    "loupe": {
      "version": "2.3.4",
      "resolved": "https://registry.npmjs.org/loupe/-/loupe-2.3.4.tgz",
      "integrity": "sha512-OvKfgCC2Ndby6aSTREl5aCCPTNIzlDfQZvZxNUrBrihDhL3xcrYegTblhmEiCrg2kKQz4XsFIaemE5BF4ybSaQ==",
      "requires": {
        "get-func-name": "^2.0.0"
      }
    },
    "memfs": {
      "version": "3.4.1",
      "resolved": "https://registry.npmjs.org/memfs/-/memfs-3.4.1.tgz",
      "integrity": "sha512-1c9VPVvW5P7I85c35zAdEr1TD5+F11IToIHIlrVIcflfnzPkJa0ZoYEoEdYDP8KgPFoSZ/opDrUsAoZWym3mtw==",
      "dev": true,
      "requires": {
        "fs-monkey": "1.0.3"
      }
    },
    "n3": {
      "version": "1.11.1",
      "resolved": "https://registry.npmjs.org/n3/-/n3-1.11.1.tgz",
      "integrity": "sha512-yeTeYoatabMs6IMv71dYSIfgf+s+4DpLrnvRv8CKGRLnAt1lfWcnb+mwP67PZKq7Wvh7MCIGXaflayPkn0WzHw==",
      "dev": true,
      "requires": {
        "queue-microtask": "^1.1.2",
        "readable-stream": "^3.6.0"
      }
    },
    "pathval": {
      "version": "1.1.1",
      "resolved": "https://registry.npmjs.org/pathval/-/pathval-1.1.1.tgz",
      "integrity": "sha512-Dp6zGqpTdETdR63lehJYPeIOqpiNBNtc7BpWSLrOje7UaIsE5aY92r/AunQA7rsXvet3lrJ3JnZX29UPTKXyKQ=="
    },
    "punycode": {
      "version": "2.1.1",
      "resolved": "https://registry.npmjs.org/punycode/-/punycode-2.1.1.tgz",
      "integrity": "sha512-XRsRjdf+j5ml+y/6GKHPZbrF/8p2Yga0JPtdqTIY2Xe5ohJPD9saDJJLPvp9+NSBprVvevdXZybnj2cv8OEd0A==",
      "dev": true
    },
    "pure-rand": {
      "version": "5.0.1",
      "resolved": "https://registry.npmjs.org/pure-rand/-/pure-rand-5.0.1.tgz",
      "integrity": "sha512-ksWccjmXOHU2gJBnH0cK1lSYdvSZ0zLoCMSz/nTGh6hDvCSgcRxDyIcOBD6KNxFz3xhMPm/T267Tbe2JRymKEQ=="
    },
    "queue-microtask": {
      "version": "1.2.3",
      "resolved": "https://registry.npmjs.org/queue-microtask/-/queue-microtask-1.2.3.tgz",
      "integrity": "sha512-NuaNSa6flKT5JaSYQzJok04JzTL1CA6aGhv5rfLW3PgqA+M2ChpZQnAC8h8i4ZFkBS8X5RqkDBHA7r4hej3K9A==",
      "dev": true
    },
    "rdf-data-factory": {
      "version": "1.1.0",
      "resolved": "https://registry.npmjs.org/rdf-data-factory/-/rdf-data-factory-1.1.0.tgz",
      "integrity": "sha512-g8feOVZ/KL1OK2Pco/jDBDFh4m29QDsOOD+rWloG9qFvIzRFchGy2CviLUX491E0ByewXxMpaq/A3zsWHQA16A==",
      "dev": true,
      "requires": {
        "@rdfjs/types": "*"
      }
    },
    "rdf-js": {
      "version": "4.0.2",
      "resolved": "https://registry.npmjs.org/rdf-js/-/rdf-js-4.0.2.tgz",
      "integrity": "sha512-ApvlFa/WsQh8LpPK/6hctQwG06Z9ztQQGWVtrcrf9L6+sejHNXLPOqL+w7q3hF+iL0C4sv3AX1PUtGkLNzyZ0Q==",
      "dev": true,
      "requires": {
        "@rdfjs/types": "*"
      }
    },
    "readable-stream": {
      "version": "3.6.0",
      "resolved": "https://registry.npmjs.org/readable-stream/-/readable-stream-3.6.0.tgz",
      "integrity": "sha512-BViHy7LKeTz4oNnkcLJ+lVSL6vpiFeX6/d3oSH8zCW7UxP2onchk+vTGB143xuFjHS3deTgkKoXXymXqymiIdA==",
      "dev": true,
      "requires": {
        "inherits": "^2.0.3",
        "string_decoder": "^1.1.1",
        "util-deprecate": "^1.0.1"
      }
    },
    "string_decoder": {
      "version": "1.3.0",
      "resolved": "https://registry.npmjs.org/string_decoder/-/string_decoder-1.3.0.tgz",
      "integrity": "sha512-hkRX8U1WjJFd8LsDJ2yQ/wWWxaopEsABU1XfkM8A+j0+85JAGppt16cr1Whg6KIbb4okU6Mql6BOj+uup/wKeA==",
      "dev": true,
      "requires": {
        "safe-buffer": "~5.2.0"
      },
      "dependencies": {
        "safe-buffer": {
          "version": "5.2.1",
          "resolved": "https://registry.npmjs.org/safe-buffer/-/safe-buffer-5.2.1.tgz",
          "integrity": "sha512-rp3So07KcdmmKbGvgaNxQSJr7bGVSVk5S9Eq1F+ppbRo70+YeaDxkw5Dd8NPN+GD6bjnYm2VuPuCXmpuYvmCXQ==",
          "dev": true
        }
      }
    },
    "type-detect": {
      "version": "4.0.8",
      "resolved": "https://registry.npmjs.org/type-detect/-/type-detect-4.0.8.tgz",
      "integrity": "sha512-0fr/mIH1dlO+x7TlcMy+bIDqKPsw/70tVyeHW787goQjhmqaZe10uwLujubK9q9Lg6Fiho1KUKDYz0Z7k7g5/g=="
    },
    "uri-js": {
      "version": "4.4.1",
      "resolved": "https://registry.npmjs.org/uri-js/-/uri-js-4.4.1.tgz",
      "integrity": "sha512-7rKUyy33Q1yc98pQ1DAmLtwX109F7TIfWlW1Ydo8Wl1ii1SeHieeh0HHfPeL2fMXK6z0s8ecKs9frCuLJvndBg==",
      "dev": true,
      "requires": {
        "punycode": "^2.1.0"
      }
    },
    "util-deprecate": {
      "version": "1.0.2",
      "resolved": "https://registry.npmjs.org/util-deprecate/-/util-deprecate-1.0.2.tgz",
      "integrity": "sha1-RQ1Nyfpw3nMnYvvS1KKJgUGaDM8=",
      "dev": true
    }
  }
}
