{
  "name": "poly-explorer-feature",
  "version": "0.0.1",
  "lockfileVersion": 2,
  "requires": true,
  "packages": {
    "": {
      "name": "poly-explorer-feature",
      "version": "0.0.1",
      "dependencies": {
        "@polypoly-eu/poly-look": "file:../../core/utils/poly-look",
        "@polypoly-eu/silly-i18n": "file:../../core/utils/silly-i18n",
        "d3": "^7.3.0",
        "react-infinite-scroll-component": "^6.0.0",
        "react-router-dom": "^5.2.0",
        "swiper": "^6.4.11"
      },
      "devDependencies": {
        "@polypoly-eu/podjs": "file:../../podjs",
        "@polypoly-eu/rollup-plugin-copy-watch": "file:../../core/utils/rollup-plugin-copy-watch",
        "react": "^16.13.1",
        "react-dom": "^16.13.1"
      }
    },
    "../../core/utils/poly-look": {
      "version": "0.0.0",
      "license": "MIT",
      "dependencies": {
        "d3": "^7.0.4",
        "d3-sankey": "^0.12.3",
        "lit-element": "^2.5.1",
        "lit-html": "^1.4.1",
        "react": "^17.0.2",
        "swiper": "^6.4.11"
      },
      "devDependencies": {
        "@babel/preset-env": "^7.16.11",
        "@babel/preset-react": "^7.16.7",
        "@open-wc/testing": "^3.0.3",
        "@testing-library/jest-dom": "^5.16.2",
        "@testing-library/react": "^12.1.3",
        "@web/dev-server-rollup": "^0.3.13",
        "@web/dev-server-storybook": "^0.0.2",
        "@web/test-runner": "^0.13.22",
        "@web/test-runner-chrome": "^0.10.5",
        "identity-obj-proxy": "^3.0.0",
        "jsdoc": "^3.6.10"
      }
    },
    "../../core/utils/rollup-plugin-copy-watch": {
      "dev": true,
      "dependencies": {
        "rollup-plugin-copy": "^3.4.0"
      }
    },
    "../../core/utils/silly-i18n": {
      "devDependencies": {
        "jsdoc": "^3.6.10"
      }
    },
    "../../podjs": {
      "dev": true,
      "dependencies": {
        "@polypoly-eu/fetch-spec": "file:../core/api/fetch-spec",
        "@polypoly-eu/pod-api": "file:../core/api/pod-api",
        "@polypoly-eu/rdf": "file:../core/api/rdf",
        "@zip.js/zip.js": "2.3.7",
        "rdf-js": "^4.0.2"
      },
      "devDependencies": {
        "@polypoly-eu/rdf-spec": "file:../core/api/rdf-spec",
        "@types/node": "^14.14.21",
        "@types/node-fetch": "^2.5.8",
        "body-parser": "^1.19.0",
        "fast-check": "^2.11.0"
      },
      "peerDependencies": {
        "body-parser": "^1.19.0"
      }
    },
    "node_modules/@babel/runtime": {
      "version": "7.15.4",
      "license": "MIT",
      "dependencies": {
        "regenerator-runtime": "^0.13.4"
      },
      "engines": {
        "node": ">=6.9.0"
      }
    },
    "node_modules/@polypoly-eu/podjs": {
      "resolved": "../../podjs",
      "link": true
    },
    "node_modules/@polypoly-eu/poly-look": {
      "resolved": "../../core/utils/poly-look",
      "link": true
    },
    "node_modules/@polypoly-eu/rollup-plugin-copy-watch": {
      "resolved": "../../core/utils/rollup-plugin-copy-watch",
      "link": true
    },
    "node_modules/@polypoly-eu/silly-i18n": {
      "resolved": "../../core/utils/silly-i18n",
      "link": true
    },
    "node_modules/d3": {
      "version": "7.3.0",
      "resolved": "https://registry.npmjs.org/d3/-/d3-7.3.0.tgz",
      "integrity": "sha512-MDRLJCMK232OJQRqGljQ/gCxtB8k3/sLKFjftMjzPB3nKVUODpdW9Rb3vcq7U8Ka5YKoZkAmp++Ur6I+6iNWIw==",
      "dependencies": {
        "d3-array": "3",
        "d3-axis": "3",
        "d3-brush": "3",
        "d3-chord": "3",
        "d3-color": "3",
        "d3-contour": "3",
        "d3-delaunay": "6",
        "d3-dispatch": "3",
        "d3-drag": "3",
        "d3-dsv": "3",
        "d3-ease": "3",
        "d3-fetch": "3",
        "d3-force": "3",
        "d3-format": "3",
        "d3-geo": "3",
        "d3-hierarchy": "3",
        "d3-interpolate": "3",
        "d3-path": "3",
        "d3-polygon": "3",
        "d3-quadtree": "3",
        "d3-random": "3",
        "d3-scale": "4",
        "d3-scale-chromatic": "3",
        "d3-selection": "3",
        "d3-shape": "3",
        "d3-time": "3",
        "d3-time-format": "4",
        "d3-timer": "3",
        "d3-transition": "3",
        "d3-zoom": "3"
      },
      "engines": {
        "node": ">=12"
      }
    },
    "node_modules/d3-array": {
      "version": "3.1.1",
      "resolved": "https://registry.npmjs.org/d3-array/-/d3-array-3.1.1.tgz",
      "integrity": "sha512-33qQ+ZoZlli19IFiQx4QEpf2CBEayMRzhlisJHSCsSUbDXv6ZishqS1x7uFVClKG4Wr7rZVHvaAttoLow6GqdQ==",
      "dependencies": {
        "internmap": "1 - 2"
      },
      "engines": {
        "node": ">=12"
      }
    },
    "node_modules/d3-axis": {
      "version": "3.0.0",
      "resolved": "https://registry.npmjs.org/d3-axis/-/d3-axis-3.0.0.tgz",
      "integrity": "sha512-IH5tgjV4jE/GhHkRV0HiVYPDtvfjHQlQfJHs0usq7M30XcSBvOotpmH1IgkcXsO/5gEQZD43B//fc7SRT5S+xw==",
      "engines": {
        "node": ">=12"
      }
    },
    "node_modules/d3-brush": {
      "version": "3.0.0",
      "resolved": "https://registry.npmjs.org/d3-brush/-/d3-brush-3.0.0.tgz",
      "integrity": "sha512-ALnjWlVYkXsVIGlOsuWH1+3udkYFI48Ljihfnh8FZPF2QS9o+PzGLBslO0PjzVoHLZ2KCVgAM8NVkXPJB2aNnQ==",
      "dependencies": {
        "d3-dispatch": "1 - 3",
        "d3-drag": "2 - 3",
        "d3-interpolate": "1 - 3",
        "d3-selection": "3",
        "d3-transition": "3"
      },
      "engines": {
        "node": ">=12"
      }
    },
    "node_modules/d3-chord": {
      "version": "3.0.1",
      "resolved": "https://registry.npmjs.org/d3-chord/-/d3-chord-3.0.1.tgz",
      "integrity": "sha512-VE5S6TNa+j8msksl7HwjxMHDM2yNK3XCkusIlpX5kwauBfXuyLAtNg9jCp/iHH61tgI4sb6R/EIMWCqEIdjT/g==",
      "dependencies": {
        "d3-path": "1 - 3"
      },
      "engines": {
        "node": ">=12"
      }
    },
    "node_modules/d3-color": {
      "version": "3.0.1",
      "resolved": "https://registry.npmjs.org/d3-color/-/d3-color-3.0.1.tgz",
      "integrity": "sha512-6/SlHkDOBLyQSJ1j1Ghs82OIUXpKWlR0hCsw0XrLSQhuUPuCSmLQ1QPH98vpnQxMUQM2/gfAkUEWsupVpd9JGw==",
      "engines": {
        "node": ">=12"
      }
    },
    "node_modules/d3-contour": {
      "version": "3.0.1",
      "resolved": "https://registry.npmjs.org/d3-contour/-/d3-contour-3.0.1.tgz",
      "integrity": "sha512-0Oc4D0KyhwhM7ZL0RMnfGycLN7hxHB8CMmwZ3+H26PWAG0ozNuYG5hXSDNgmP1SgJkQMrlG6cP20HoaSbvcJTQ==",
      "dependencies": {
        "d3-array": "2 - 3"
      },
      "engines": {
        "node": ">=12"
      }
    },
    "node_modules/d3-delaunay": {
      "version": "6.0.2",
      "resolved": "https://registry.npmjs.org/d3-delaunay/-/d3-delaunay-6.0.2.tgz",
      "integrity": "sha512-IMLNldruDQScrcfT+MWnazhHbDJhcRJyOEBAJfwQnHle1RPh6WDuLvxNArUju2VSMSUuKlY5BGHRJ2cYyoFLQQ==",
      "dependencies": {
        "delaunator": "5"
      },
      "engines": {
        "node": ">=12"
      }
    },
    "node_modules/d3-dispatch": {
      "version": "3.0.1",
      "resolved": "https://registry.npmjs.org/d3-dispatch/-/d3-dispatch-3.0.1.tgz",
      "integrity": "sha512-rzUyPU/S7rwUflMyLc1ETDeBj0NRuHKKAcvukozwhshr6g6c5d8zh4c2gQjY2bZ0dXeGLWc1PF174P2tVvKhfg==",
      "engines": {
        "node": ">=12"
      }
    },
    "node_modules/d3-drag": {
      "version": "3.0.0",
      "resolved": "https://registry.npmjs.org/d3-drag/-/d3-drag-3.0.0.tgz",
      "integrity": "sha512-pWbUJLdETVA8lQNJecMxoXfH6x+mO2UQo8rSmZ+QqxcbyA3hfeprFgIT//HW2nlHChWeIIMwS2Fq+gEARkhTkg==",
      "dependencies": {
        "d3-dispatch": "1 - 3",
        "d3-selection": "3"
      },
      "engines": {
        "node": ">=12"
      }
    },
    "node_modules/d3-dsv": {
      "version": "3.0.1",
      "license": "ISC",
      "dependencies": {
        "commander": "7",
        "iconv-lite": "0.6",
        "rw": "1"
      },
      "bin": {
        "csv2json": "bin/dsv2json.js",
        "csv2tsv": "bin/dsv2dsv.js",
        "dsv2dsv": "bin/dsv2dsv.js",
        "dsv2json": "bin/dsv2json.js",
        "json2csv": "bin/json2dsv.js",
        "json2dsv": "bin/json2dsv.js",
        "json2tsv": "bin/json2dsv.js",
        "tsv2csv": "bin/dsv2dsv.js",
        "tsv2json": "bin/dsv2json.js"
      },
      "engines": {
        "node": ">=12"
      }
    },
    "node_modules/d3-dsv/node_modules/commander": {
      "version": "7.2.0",
      "license": "MIT",
      "engines": {
        "node": ">= 10"
      }
    },
    "node_modules/d3-ease": {
      "version": "3.0.1",
      "resolved": "https://registry.npmjs.org/d3-ease/-/d3-ease-3.0.1.tgz",
      "integrity": "sha512-wR/XK3D3XcLIZwpbvQwQ5fK+8Ykds1ip7A2Txe0yxncXSdq1L9skcG7blcedkOX+ZcgxGAmLX1FrRGbADwzi0w==",
      "engines": {
        "node": ">=12"
      }
    },
    "node_modules/d3-fetch": {
      "version": "3.0.1",
      "license": "ISC",
      "dependencies": {
        "d3-dsv": "1 - 3"
      },
      "engines": {
        "node": ">=12"
      }
    },
    "node_modules/d3-force": {
      "version": "3.0.0",
      "license": "ISC",
      "dependencies": {
        "d3-dispatch": "1 - 3",
        "d3-quadtree": "1 - 3",
        "d3-timer": "1 - 3"
      },
      "engines": {
        "node": ">=12"
      }
    },
    "node_modules/d3-format": {
      "version": "3.0.1",
      "license": "ISC",
      "engines": {
        "node": ">=12"
      }
    },
    "node_modules/d3-geo": {
      "version": "3.0.1",
      "license": "ISC",
      "dependencies": {
        "d3-array": "2.5.0 - 3"
      },
      "engines": {
        "node": ">=12"
      }
    },
    "node_modules/d3-hierarchy": {
      "version": "3.0.1",
      "license": "ISC",
      "engines": {
        "node": ">=12"
      }
    },
    "node_modules/d3-interpolate": {
      "version": "3.0.1",
      "license": "ISC",
      "dependencies": {
        "d3-color": "1 - 3"
      },
      "engines": {
        "node": ">=12"
      }
    },
    "node_modules/d3-path": {
      "version": "3.0.1",
      "license": "ISC",
      "engines": {
        "node": ">=12"
      }
    },
    "node_modules/d3-polygon": {
      "version": "3.0.1",
      "license": "ISC",
      "engines": {
        "node": ">=12"
      }
    },
    "node_modules/d3-quadtree": {
      "version": "3.0.1",
      "license": "ISC",
      "engines": {
        "node": ">=12"
      }
    },
    "node_modules/d3-random": {
      "version": "3.0.1",
      "license": "ISC",
      "engines": {
        "node": ">=12"
      }
    },
    "node_modules/d3-scale": {
      "version": "4.0.1",
      "license": "ISC",
      "dependencies": {
        "d3-array": "2.10.0 - 3",
        "d3-format": "1 - 3",
        "d3-interpolate": "1.2.0 - 3",
        "d3-time": "2.1.1 - 3",
        "d3-time-format": "2 - 4"
      },
      "engines": {
        "node": ">=12"
      }
    },
    "node_modules/d3-scale-chromatic": {
      "version": "3.0.0",
      "license": "ISC",
      "dependencies": {
        "d3-color": "1 - 3",
        "d3-interpolate": "1 - 3"
      },
      "engines": {
        "node": ">=12"
      }
    },
    "node_modules/d3-selection": {
      "version": "3.0.0",
      "license": "ISC",
      "engines": {
        "node": ">=12"
      }
    },
    "node_modules/d3-shape": {
      "version": "3.0.1",
      "license": "ISC",
      "dependencies": {
        "d3-path": "1 - 3"
      },
      "engines": {
        "node": ">=12"
      }
    },
    "node_modules/d3-time": {
      "version": "3.0.0",
      "license": "ISC",
      "dependencies": {
        "d3-array": "2 - 3"
      },
      "engines": {
        "node": ">=12"
      }
    },
    "node_modules/d3-time-format": {
      "version": "4.0.0",
      "license": "ISC",
      "dependencies": {
        "d3-time": "1 - 3"
      },
      "engines": {
        "node": ">=12"
      }
    },
    "node_modules/d3-timer": {
      "version": "3.0.1",
      "license": "ISC",
      "engines": {
        "node": ">=12"
      }
    },
    "node_modules/d3-transition": {
      "version": "3.0.1",
      "license": "ISC",
      "dependencies": {
        "d3-color": "1 - 3",
        "d3-dispatch": "1 - 3",
        "d3-ease": "1 - 3",
        "d3-interpolate": "1 - 3",
        "d3-timer": "1 - 3"
      },
      "engines": {
        "node": ">=12"
      },
      "peerDependencies": {
        "d3-selection": "2 - 3"
      }
    },
    "node_modules/d3-zoom": {
      "version": "3.0.0",
      "license": "ISC",
      "dependencies": {
        "d3-dispatch": "1 - 3",
        "d3-drag": "2 - 3",
        "d3-interpolate": "1 - 3",
        "d3-selection": "2 - 3",
        "d3-transition": "2 - 3"
      },
      "engines": {
        "node": ">=12"
      }
    },
    "node_modules/delaunator": {
      "version": "5.0.0",
      "license": "ISC",
      "dependencies": {
        "robust-predicates": "^3.0.0"
      }
    },
    "node_modules/dom7": {
      "version": "3.0.0",
      "license": "MIT",
      "dependencies": {
        "ssr-window": "^3.0.0-alpha.1"
      }
    },
    "node_modules/history": {
      "version": "4.10.1",
      "license": "MIT",
      "dependencies": {
        "@babel/runtime": "^7.1.2",
        "loose-envify": "^1.2.0",
        "resolve-pathname": "^3.0.0",
        "tiny-invariant": "^1.0.2",
        "tiny-warning": "^1.0.0",
        "value-equal": "^1.0.1"
      }
    },
    "node_modules/hoist-non-react-statics": {
      "version": "3.3.2",
      "license": "BSD-3-Clause",
      "dependencies": {
        "react-is": "^16.7.0"
      }
    },
    "node_modules/hoist-non-react-statics/node_modules/react-is": {
      "version": "16.13.1",
      "license": "MIT"
    },
    "node_modules/iconv-lite": {
      "version": "0.6.3",
      "license": "MIT",
      "dependencies": {
        "safer-buffer": ">= 2.1.2 < 3.0.0"
      },
      "engines": {
        "node": ">=0.10.0"
      }
    },
    "node_modules/internmap": {
      "version": "2.0.3",
      "license": "ISC",
      "engines": {
        "node": ">=12"
      }
    },
    "node_modules/isarray": {
      "version": "0.0.1",
      "license": "MIT"
    },
    "node_modules/js-tokens": {
      "version": "4.0.0",
      "license": "MIT"
    },
    "node_modules/loose-envify": {
      "version": "1.4.0",
      "license": "MIT",
      "dependencies": {
        "js-tokens": "^3.0.0 || ^4.0.0"
      },
      "bin": {
        "loose-envify": "cli.js"
      }
    },
    "node_modules/mini-create-react-context": {
      "version": "0.4.1",
      "license": "MIT",
      "dependencies": {
        "@babel/runtime": "^7.12.1",
        "tiny-warning": "^1.0.3"
      },
      "peerDependencies": {
        "prop-types": "^15.0.0",
        "react": "^0.14.0 || ^15.0.0 || ^16.0.0 || ^17.0.0"
      }
    },
    "node_modules/object-assign": {
      "version": "4.1.1",
      "license": "MIT",
      "engines": {
        "node": ">=0.10.0"
      }
    },
    "node_modules/path-to-regexp": {
      "version": "1.8.0",
      "license": "MIT",
      "dependencies": {
        "isarray": "0.0.1"
      }
    },
    "node_modules/prop-types": {
      "version": "15.7.2",
      "license": "MIT",
      "dependencies": {
        "loose-envify": "^1.4.0",
        "object-assign": "^4.1.1",
        "react-is": "^16.8.1"
      }
    },
    "node_modules/prop-types/node_modules/react-is": {
      "version": "16.13.1",
      "license": "MIT"
    },
    "node_modules/react": {
      "version": "16.14.0",
      "license": "MIT",
      "dependencies": {
        "loose-envify": "^1.1.0",
        "object-assign": "^4.1.1",
        "prop-types": "^15.6.2"
      },
      "engines": {
        "node": ">=0.10.0"
      }
    },
    "node_modules/react-dom": {
      "version": "16.14.0",
      "dev": true,
      "license": "MIT",
      "dependencies": {
        "loose-envify": "^1.1.0",
        "object-assign": "^4.1.1",
        "prop-types": "^15.6.2",
        "scheduler": "^0.19.1"
      },
      "peerDependencies": {
        "react": "^16.14.0"
      }
    },
    "node_modules/react-infinite-scroll-component": {
      "version": "6.0.0",
      "license": "MIT",
      "dependencies": {
        "throttle-debounce": "^2.1.0"
      },
      "peerDependencies": {
        "react": ">=16.0.0"
      }
    },
    "node_modules/react-router": {
      "version": "5.2.1",
      "license": "MIT",
      "dependencies": {
        "@babel/runtime": "^7.12.13",
        "history": "^4.9.0",
        "hoist-non-react-statics": "^3.1.0",
        "loose-envify": "^1.3.1",
        "mini-create-react-context": "^0.4.0",
        "path-to-regexp": "^1.7.0",
        "prop-types": "^15.6.2",
        "react-is": "^16.6.0",
        "tiny-invariant": "^1.0.2",
        "tiny-warning": "^1.0.0"
      },
      "peerDependencies": {
        "react": ">=15"
      }
    },
    "node_modules/react-router-dom": {
      "version": "5.3.0",
      "license": "MIT",
      "dependencies": {
        "@babel/runtime": "^7.12.13",
        "history": "^4.9.0",
        "loose-envify": "^1.3.1",
        "prop-types": "^15.6.2",
        "react-router": "5.2.1",
        "tiny-invariant": "^1.0.2",
        "tiny-warning": "^1.0.0"
      },
      "peerDependencies": {
        "react": ">=15"
      }
    },
    "node_modules/react-router/node_modules/react-is": {
      "version": "16.13.1",
      "license": "MIT"
    },
    "node_modules/regenerator-runtime": {
      "version": "0.13.9",
      "license": "MIT"
    },
    "node_modules/resolve-pathname": {
      "version": "3.0.0",
      "license": "MIT"
    },
    "node_modules/robust-predicates": {
      "version": "3.0.1",
      "license": "Unlicense"
    },
    "node_modules/rw": {
      "version": "1.3.3",
      "license": "BSD-3-Clause"
    },
    "node_modules/safer-buffer": {
      "version": "2.1.2",
      "license": "MIT"
    },
    "node_modules/scheduler": {
      "version": "0.19.1",
      "dev": true,
      "license": "MIT",
      "dependencies": {
        "loose-envify": "^1.1.0",
        "object-assign": "^4.1.1"
      }
    },
    "node_modules/ssr-window": {
      "version": "3.0.0",
      "license": "MIT"
    },
    "node_modules/swiper": {
      "version": "6.7.0",
      "funding": [
        {
          "type": "patreon",
          "url": "https://www.patreon.com/vladimirkharlampidi"
        },
        {
          "type": "open_collective",
          "url": "http://opencollective.com/swiper"
        }
      ],
      "hasInstallScript": true,
      "license": "MIT",
      "dependencies": {
        "dom7": "^3.0.0",
        "ssr-window": "^3.0.0"
      },
      "engines": {
        "node": ">= 4.7.0"
      }
    },
    "node_modules/throttle-debounce": {
      "version": "2.3.0",
      "license": "MIT",
      "engines": {
        "node": ">=8"
      }
    },
    "node_modules/tiny-invariant": {
      "version": "1.1.0",
      "license": "MIT"
    },
    "node_modules/tiny-warning": {
      "version": "1.0.3",
      "license": "MIT"
    },
    "node_modules/value-equal": {
      "version": "1.0.1",
      "license": "MIT"
    }
  },
  "dependencies": {
    "@babel/runtime": {
      "version": "7.15.4",
      "requires": {
        "regenerator-runtime": "^0.13.4"
      }
    },
    "@polypoly-eu/podjs": {
      "version": "file:../../podjs",
      "requires": {
        "@polypoly-eu/fetch-spec": "file:../core/api/fetch-spec",
        "@polypoly-eu/pod-api": "file:../core/api/pod-api",
        "@polypoly-eu/rdf": "file:../core/api/rdf",
        "@polypoly-eu/rdf-spec": "file:../core/api/rdf-spec",
        "@types/node": "^14.14.21",
        "@types/node-fetch": "^2.5.8",
        "@zip.js/zip.js": "2.3.7",
        "body-parser": "^1.19.0",
        "fast-check": "^2.11.0",
        "rdf-js": "^4.0.2"
      }
    },
    "@polypoly-eu/poly-look": {
      "version": "file:../../core/utils/poly-look",
      "requires": {
        "@babel/preset-env": "^7.16.11",
        "@babel/preset-react": "^7.16.7",
        "@open-wc/testing": "^3.0.3",
        "@testing-library/jest-dom": "^5.16.2",
        "@testing-library/react": "^12.1.3",
        "@web/dev-server-rollup": "^0.3.13",
        "@web/dev-server-storybook": "^0.0.2",
        "@web/test-runner": "^0.13.22",
        "@web/test-runner-chrome": "^0.10.5",
        "d3": "^7.0.4",
        "d3-sankey": "^0.12.3",
        "identity-obj-proxy": "^3.0.0",
        "jsdoc": "^3.6.10",
        "lit-element": "^2.5.1",
        "lit-html": "^1.4.1",
        "react": "^17.0.2",
        "swiper": "^6.4.11"
      }
    },
    "@polypoly-eu/rollup-plugin-copy-watch": {
      "version": "file:../../core/utils/rollup-plugin-copy-watch",
      "requires": {
        "rollup-plugin-copy": "^3.4.0"
      }
    },
    "@polypoly-eu/silly-i18n": {
      "version": "file:../../core/utils/silly-i18n",
      "requires": {
        "jsdoc": "^3.6.10"
      }
    },
    "d3": {
      "version": "7.3.0",
      "resolved": "https://registry.npmjs.org/d3/-/d3-7.3.0.tgz",
      "integrity": "sha512-MDRLJCMK232OJQRqGljQ/gCxtB8k3/sLKFjftMjzPB3nKVUODpdW9Rb3vcq7U8Ka5YKoZkAmp++Ur6I+6iNWIw==",
      "requires": {
        "d3-array": "3",
        "d3-axis": "3",
        "d3-brush": "3",
        "d3-chord": "3",
        "d3-color": "3",
        "d3-contour": "3",
        "d3-delaunay": "6",
        "d3-dispatch": "3",
        "d3-drag": "3",
        "d3-dsv": "3",
        "d3-ease": "3",
        "d3-fetch": "3",
        "d3-force": "3",
        "d3-format": "3",
        "d3-geo": "3",
        "d3-hierarchy": "3",
        "d3-interpolate": "3",
        "d3-path": "3",
        "d3-polygon": "3",
        "d3-quadtree": "3",
        "d3-random": "3",
        "d3-scale": "4",
        "d3-scale-chromatic": "3",
        "d3-selection": "3",
        "d3-shape": "3",
        "d3-time": "3",
        "d3-time-format": "4",
        "d3-timer": "3",
        "d3-transition": "3",
        "d3-zoom": "3"
      }
    },
    "d3-array": {
      "version": "3.1.1",
      "resolved": "https://registry.npmjs.org/d3-array/-/d3-array-3.1.1.tgz",
      "integrity": "sha512-33qQ+ZoZlli19IFiQx4QEpf2CBEayMRzhlisJHSCsSUbDXv6ZishqS1x7uFVClKG4Wr7rZVHvaAttoLow6GqdQ==",
      "requires": {
        "internmap": "1 - 2"
      }
    },
    "d3-axis": {
      "version": "3.0.0",
      "resolved": "https://registry.npmjs.org/d3-axis/-/d3-axis-3.0.0.tgz",
      "integrity": "sha512-IH5tgjV4jE/GhHkRV0HiVYPDtvfjHQlQfJHs0usq7M30XcSBvOotpmH1IgkcXsO/5gEQZD43B//fc7SRT5S+xw=="
    },
    "d3-brush": {
      "version": "3.0.0",
      "resolved": "https://registry.npmjs.org/d3-brush/-/d3-brush-3.0.0.tgz",
      "integrity": "sha512-ALnjWlVYkXsVIGlOsuWH1+3udkYFI48Ljihfnh8FZPF2QS9o+PzGLBslO0PjzVoHLZ2KCVgAM8NVkXPJB2aNnQ==",
      "requires": {
        "d3-dispatch": "1 - 3",
        "d3-drag": "2 - 3",
        "d3-interpolate": "1 - 3",
        "d3-selection": "3",
        "d3-transition": "3"
      }
    },
    "d3-chord": {
      "version": "3.0.1",
      "resolved": "https://registry.npmjs.org/d3-chord/-/d3-chord-3.0.1.tgz",
      "integrity": "sha512-VE5S6TNa+j8msksl7HwjxMHDM2yNK3XCkusIlpX5kwauBfXuyLAtNg9jCp/iHH61tgI4sb6R/EIMWCqEIdjT/g==",
      "requires": {
        "d3-path": "1 - 3"
      }
    },
    "d3-color": {
      "version": "3.0.1",
      "resolved": "https://registry.npmjs.org/d3-color/-/d3-color-3.0.1.tgz",
      "integrity": "sha512-6/SlHkDOBLyQSJ1j1Ghs82OIUXpKWlR0hCsw0XrLSQhuUPuCSmLQ1QPH98vpnQxMUQM2/gfAkUEWsupVpd9JGw=="
    },
    "d3-contour": {
      "version": "3.0.1",
      "resolved": "https://registry.npmjs.org/d3-contour/-/d3-contour-3.0.1.tgz",
      "integrity": "sha512-0Oc4D0KyhwhM7ZL0RMnfGycLN7hxHB8CMmwZ3+H26PWAG0ozNuYG5hXSDNgmP1SgJkQMrlG6cP20HoaSbvcJTQ==",
      "requires": {
        "d3-array": "2 - 3"
      }
    },
    "d3-delaunay": {
      "version": "6.0.2",
      "resolved": "https://registry.npmjs.org/d3-delaunay/-/d3-delaunay-6.0.2.tgz",
      "integrity": "sha512-IMLNldruDQScrcfT+MWnazhHbDJhcRJyOEBAJfwQnHle1RPh6WDuLvxNArUju2VSMSUuKlY5BGHRJ2cYyoFLQQ==",
      "requires": {
        "delaunator": "5"
      }
    },
    "d3-dispatch": {
      "version": "3.0.1",
      "resolved": "https://registry.npmjs.org/d3-dispatch/-/d3-dispatch-3.0.1.tgz",
      "integrity": "sha512-rzUyPU/S7rwUflMyLc1ETDeBj0NRuHKKAcvukozwhshr6g6c5d8zh4c2gQjY2bZ0dXeGLWc1PF174P2tVvKhfg=="
    },
    "d3-drag": {
      "version": "3.0.0",
      "resolved": "https://registry.npmjs.org/d3-drag/-/d3-drag-3.0.0.tgz",
      "integrity": "sha512-pWbUJLdETVA8lQNJecMxoXfH6x+mO2UQo8rSmZ+QqxcbyA3hfeprFgIT//HW2nlHChWeIIMwS2Fq+gEARkhTkg==",
      "requires": {
        "d3-dispatch": "1 - 3",
        "d3-selection": "3"
      }
    },
    "d3-dsv": {
      "version": "3.0.1",
      "requires": {
        "commander": "7",
        "iconv-lite": "0.6",
        "rw": "1"
      },
      "dependencies": {
        "commander": {
          "version": "7.2.0"
        }
      }
    },
    "d3-ease": {
      "version": "3.0.1",
      "resolved": "https://registry.npmjs.org/d3-ease/-/d3-ease-3.0.1.tgz",
      "integrity": "sha512-wR/XK3D3XcLIZwpbvQwQ5fK+8Ykds1ip7A2Txe0yxncXSdq1L9skcG7blcedkOX+ZcgxGAmLX1FrRGbADwzi0w=="
    },
    "d3-fetch": {
      "version": "3.0.1",
      "requires": {
        "d3-dsv": "1 - 3"
      }
    },
    "d3-force": {
      "version": "3.0.0",
      "requires": {
        "d3-dispatch": "1 - 3",
        "d3-quadtree": "1 - 3",
        "d3-timer": "1 - 3"
      }
    },
    "d3-format": {
      "version": "3.0.1"
    },
    "d3-geo": {
      "version": "3.0.1",
      "requires": {
        "d3-array": "2.5.0 - 3"
      }
    },
    "d3-hierarchy": {
      "version": "3.0.1"
    },
    "d3-interpolate": {
      "version": "3.0.1",
      "requires": {
        "d3-color": "1 - 3"
      }
    },
    "d3-path": {
      "version": "3.0.1"
    },
    "d3-polygon": {
      "version": "3.0.1"
    },
    "d3-quadtree": {
      "version": "3.0.1"
    },
    "d3-random": {
      "version": "3.0.1"
    },
    "d3-scale": {
      "version": "4.0.1",
      "requires": {
        "d3-array": "2.10.0 - 3",
        "d3-format": "1 - 3",
        "d3-interpolate": "1.2.0 - 3",
        "d3-time": "2.1.1 - 3",
        "d3-time-format": "2 - 4"
      }
    },
    "d3-scale-chromatic": {
      "version": "3.0.0",
      "requires": {
        "d3-color": "1 - 3",
        "d3-interpolate": "1 - 3"
      }
    },
    "d3-selection": {
      "version": "3.0.0"
    },
    "d3-shape": {
      "version": "3.0.1",
      "requires": {
        "d3-path": "1 - 3"
      }
    },
    "d3-time": {
      "version": "3.0.0",
      "requires": {
        "d3-array": "2 - 3"
      }
    },
    "d3-time-format": {
      "version": "4.0.0",
      "requires": {
        "d3-time": "1 - 3"
      }
    },
    "d3-timer": {
      "version": "3.0.1"
    },
    "d3-transition": {
      "version": "3.0.1",
      "requires": {
        "d3-color": "1 - 3",
        "d3-dispatch": "1 - 3",
        "d3-ease": "1 - 3",
        "d3-interpolate": "1 - 3",
        "d3-timer": "1 - 3"
      }
    },
    "d3-zoom": {
      "version": "3.0.0",
      "requires": {
        "d3-dispatch": "1 - 3",
        "d3-drag": "2 - 3",
        "d3-interpolate": "1 - 3",
        "d3-selection": "2 - 3",
        "d3-transition": "2 - 3"
      }
    },
    "delaunator": {
      "version": "5.0.0",
      "requires": {
        "robust-predicates": "^3.0.0"
      }
    },
    "dom7": {
      "version": "3.0.0",
      "requires": {
        "ssr-window": "^3.0.0-alpha.1"
      }
    },
    "history": {
      "version": "4.10.1",
      "requires": {
        "@babel/runtime": "^7.1.2",
        "loose-envify": "^1.2.0",
        "resolve-pathname": "^3.0.0",
        "tiny-invariant": "^1.0.2",
        "tiny-warning": "^1.0.0",
        "value-equal": "^1.0.1"
      }
    },
    "hoist-non-react-statics": {
      "version": "3.3.2",
      "requires": {
        "react-is": "^16.7.0"
      },
      "dependencies": {
        "react-is": {
          "version": "16.13.1"
        }
      }
    },
    "iconv-lite": {
      "version": "0.6.3",
      "requires": {
        "safer-buffer": ">= 2.1.2 < 3.0.0"
      }
    },
    "internmap": {
      "version": "2.0.3"
    },
    "isarray": {
      "version": "0.0.1"
    },
    "js-tokens": {
      "version": "4.0.0"
    },
    "loose-envify": {
      "version": "1.4.0",
      "requires": {
        "js-tokens": "^3.0.0 || ^4.0.0"
      }
    },
    "mini-create-react-context": {
      "version": "0.4.1",
      "requires": {
        "@babel/runtime": "^7.12.1",
        "tiny-warning": "^1.0.3"
      }
    },
    "object-assign": {
      "version": "4.1.1"
    },
    "path-to-regexp": {
      "version": "1.8.0",
      "requires": {
        "isarray": "0.0.1"
      }
    },
    "prop-types": {
      "version": "15.7.2",
      "requires": {
        "loose-envify": "^1.4.0",
        "object-assign": "^4.1.1",
        "react-is": "^16.8.1"
      },
      "dependencies": {
        "react-is": {
          "version": "16.13.1"
        }
      }
    },
    "react": {
      "version": "16.14.0",
      "requires": {
        "loose-envify": "^1.1.0",
        "object-assign": "^4.1.1",
        "prop-types": "^15.6.2"
      }
    },
    "react-dom": {
      "version": "16.14.0",
      "dev": true,
      "requires": {
        "loose-envify": "^1.1.0",
        "object-assign": "^4.1.1",
        "prop-types": "^15.6.2",
        "scheduler": "^0.19.1"
      }
    },
    "react-infinite-scroll-component": {
      "version": "6.0.0",
      "requires": {
        "throttle-debounce": "^2.1.0"
      }
    },
    "react-router": {
      "version": "5.2.1",
      "requires": {
        "@babel/runtime": "^7.12.13",
        "history": "^4.9.0",
        "hoist-non-react-statics": "^3.1.0",
        "loose-envify": "^1.3.1",
        "mini-create-react-context": "^0.4.0",
        "path-to-regexp": "^1.7.0",
        "prop-types": "^15.6.2",
        "react-is": "^16.6.0",
        "tiny-invariant": "^1.0.2",
        "tiny-warning": "^1.0.0"
      },
      "dependencies": {
        "react-is": {
          "version": "16.13.1"
        }
      }
    },
    "react-router-dom": {
      "version": "5.3.0",
      "requires": {
        "@babel/runtime": "^7.12.13",
        "history": "^4.9.0",
        "loose-envify": "^1.3.1",
        "prop-types": "^15.6.2",
        "react-router": "5.2.1",
        "tiny-invariant": "^1.0.2",
        "tiny-warning": "^1.0.0"
      }
    },
    "regenerator-runtime": {
      "version": "0.13.9"
    },
    "resolve-pathname": {
      "version": "3.0.0"
    },
    "robust-predicates": {
      "version": "3.0.1"
    },
    "rw": {
      "version": "1.3.3"
    },
    "safer-buffer": {
      "version": "2.1.2"
    },
    "scheduler": {
      "version": "0.19.1",
      "dev": true,
      "requires": {
        "loose-envify": "^1.1.0",
        "object-assign": "^4.1.1"
      }
    },
    "ssr-window": {
      "version": "3.0.0"
    },
    "swiper": {
      "version": "6.7.0",
      "requires": {
        "dom7": "^3.0.0",
        "ssr-window": "^3.0.0"
      }
    },
    "throttle-debounce": {
      "version": "2.3.0"
    },
    "tiny-invariant": {
      "version": "1.1.0"
    },
    "tiny-warning": {
      "version": "1.0.3"
    },
    "value-equal": {
      "version": "1.0.1"
    }
  }
}
