{
  "requires": true,
  "lockfileVersion": 1,
  "dependencies": {
    "@msgpack/msgpack": {
      "version": "1.12.2",
      "resolved": "https://registry.npmjs.org/@msgpack/msgpack/-/msgpack-1.12.2.tgz",
      "integrity": "sha512-Vwhc3ObxmDZmA5hY8mfsau2rJ4vGPvzbj20QSZ2/E1GDPF61QVyjLfNHak9xmel6pW4heRt3v1fHa6np9Ehfeg=="
    },
    "@polypoly-eu/aop-ts": {
      "version": "0.0.1",
      "resolved": "https://npm.pkg.github.com/download/@polypoly-eu/aop-ts/0.0.1/513109cd0bf6c844336282d2622ee1ce7fe0910309c47aeae4b59e4c268f68f5",
      "integrity": "sha512-xYra4T4GDdvN6A6D+SDudy3GV+CQNOtgcNY2spN2ZfvWlJr6v77pVhiqwcWVZw+yMd/UDuaVPAnJ3S02OvJypA=="
    },
    "@polypoly-eu/bubblewrap": {
      "version": "0.1.1",
      "resolved": "https://npm.pkg.github.com/download/@polypoly-eu/bubblewrap/0.1.1/a519fbb3e4fc60c79a01d66030d1656b572d7fc1a76af443da93b82619fa6ab1",
      "integrity": "sha512-D9k34wpoFClJ4m6cKYFpAZ0r4Jk3Mrr+elxWpY/zAg/spy/rPRYtNqbViAk+7cEhSEgOrxtBliUWm1lnxnrdXQ==",
      "requires": {
        "@msgpack/msgpack": "^1.12.2"
      }
    },
    "@polypoly-eu/fetch-spec": {
      "version": "0.0.1",
      "resolved": "https://npm.pkg.github.com/download/@polypoly-eu/fetch-spec/0.0.1/51092d1205ea4c15d4119659b1ff91934f8aa2273cee2df5013f581d9b701f57",
      "integrity": "sha512-zsXWh6RSaq3K1rqNDFuL8jnQ7U3xLz3lQz39mNW+XEfl4Cc+D/YYV4gNy0ostQI52KrEAHhP7+8KxkUWME/ZEQ=="
    },
    "@polypoly-eu/podigree": {
      "version": "0.5.2",
      "resolved": "https://npm.pkg.github.com/download/@polypoly-eu/podigree/0.5.2/38d85950102a5183861e62abdb25891c701638e801643b14305bb3e1e1d3f1a2",
      "integrity": "sha512-53vXo2wfAdjjRncJWLSnIkLz/BVbkSFwWwzqqFTFfMshRJE5TOMEv/QvCdXSkN6aHJ8MA+u/Vj69IVVNUKXubg==",
      "requires": {
        "@polypoly-eu/aop-ts": "0.0.1",
        "@polypoly-eu/bubblewrap": "^0.1.1",
        "@polypoly-eu/poly-api": "^0.6.1",
        "@polypoly-eu/port-authority": "^0.2.0",
        "@polypoly-eu/postoffice": "^0.1.0",
        "@polypoly-eu/rdf": "^0.1.0",
        "@polypoly-eu/rdf-convert": "0.0.1",
        "@types/rdf-js": "^3.0.3",
        "fp-ts": "^2.8.2",
        "io-ts": "2.2.10"
      }
    },
    "@polypoly-eu/poly-api": {
      "version": "0.6.1",
      "resolved": "https://npm.pkg.github.com/download/@polypoly-eu/poly-api/0.6.1/745c0eb9534b013ca208edb49cbd22a88265784032cda0c948d35ac5f42704dd",
      "integrity": "sha512-efKybakpNk8XZAxcS7lov0OkwtB4qmICZFU+hgTQnPp3h3pOyjx531Hi8AcD6F+KL7cHdqJZS5iyeS7XHFClZQ==",
      "requires": {
        "@polypoly-eu/fetch-spec": "0.0.1",
        "@polypoly-eu/rdf": "^0.1.0",
        "@types/rdf-js": "^3.0.3"
      }
    },
    "@polypoly-eu/port-authority": {
      "version": "0.2.0",
      "resolved": "https://npm.pkg.github.com/download/@polypoly-eu/port-authority/0.2.0/341cc9504448ff35bae9a2d263ee7f6c7cb9355b2ab37c123d1989c6a352cccb",
      "integrity": "sha512-9ksFx2imdFtExgWxL4sm3X3wb/U4RqxA0Bt/mJTXZ1BKQQkUcLYlFW00gbPp8s5vDwLbZ3P8NlonIj3/EpFq/Q==",
      "requires": {
        "@polypoly-eu/bubblewrap": "^0.1.0",
        "@types/body-parser": "^1.19.0",
        "@types/connect": "^3.4.33",
        "@types/node": "^14.0.13"
      }
    },
    "@polypoly-eu/postoffice": {
      "version": "0.1.0",
      "resolved": "https://npm.pkg.github.com/download/@polypoly-eu/postoffice/0.1.0/9be3cf478e0657b62f87be994e336e559d75c59fac05d4173a229e14747906ff",
      "integrity": "sha512-xjjkY8Ir3p2zQo/obcaeT/0sn/eUGuvbHYGM5YVh21STanTFtXc1iVr9kjY51W870VXOMNXFHIH5H/3Bhub3YA=="
    },
    "@polypoly-eu/rdf": {
      "version": "0.1.0",
      "resolved": "https://npm.pkg.github.com/download/@polypoly-eu/rdf/0.1.0/f43a1f1e51eecd04361729577a05c232679d7749868ab2387e352f3ab8326a0d",
      "integrity": "sha512-XH1ClGmSUh7mTNTEW2c5zCy0I987FryZ5zf/7P54cz+QQnxUhgP7NSJvmgqCAn0ehamwp5rJlnfpmk/hAifRxA==",
      "requires": {
        "@types/rdf-js": "^3.0.0"
      }
    },
    "@polypoly-eu/rdf-convert": {
      "version": "0.0.1",
      "resolved": "https://npm.pkg.github.com/download/@polypoly-eu/rdf-convert/0.0.1/9a4049b6bd86147ee997b4b46e00ee26b2b61c2623c8568f0ff53342408a922a",
      "integrity": "sha512-009h8jlZY20/B136Wjs8ucXfKl0PK8NGBFpJkeDvdV3LthK3X7GXmRxI38X8gODpJGT/4sSKwj0hqH5CdRrlAQ==",
      "requires": {
        "@types/rdf-js": "^3.0.3"
      }
    },
    "@types/body-parser": {
      "version": "1.19.0",
      "resolved": "https://registry.npmjs.org/@types/body-parser/-/body-parser-1.19.0.tgz",
      "integrity": "sha512-W98JrE0j2K78swW4ukqMleo8R7h/pFETjM2DQ90MF6XK2i4LO4W3gQ71Lt4w3bfm2EvVSyWHplECvB5sK22yFQ==",
      "requires": {
        "@types/connect": "*",
        "@types/node": "*"
      }
    },
    "@types/connect": {
      "version": "3.4.33",
      "resolved": "https://registry.npmjs.org/@types/connect/-/connect-3.4.33.tgz",
      "integrity": "sha512-2+FrkXY4zllzTNfJth7jOqEHC+enpLeGslEhpnTAkg21GkRrWV4SsAtqchtT4YS9/nODBU2/ZfsBY2X4J/dX7A==",
      "requires": {
        "@types/node": "*"
      }
    },
    "@types/node": {
      "version": "14.6.0",
      "resolved": "https://registry.npmjs.org/@types/node/-/node-14.6.0.tgz",
      "integrity": "sha512-mikldZQitV94akrc4sCcSjtJfsTKt4p+e/s0AGscVA6XArQ9kFclP+ZiYUMnq987rc6QlYxXv/EivqlfSLxpKA=="
    },
    "@types/rdf-js": {
      "version": "3.0.3",
      "resolved": "https://registry.npmjs.org/@types/rdf-js/-/rdf-js-3.0.3.tgz",
      "integrity": "sha512-1dvodNHh/YpLovHA/b046Nu+xERVt0KcYJFQH1A8S4ZcMj+stYtx4ypXw0X2/oatbREUo4JW+cjoBll3CVtwSQ==",
      "requires": {
        "@types/node": "*"
      }
    },
    "fp-ts": {
      "version": "2.8.2",
      "resolved": "https://registry.npmjs.org/fp-ts/-/fp-ts-2.8.2.tgz",
      "integrity": "sha512-YKLBW75Rp+L9DuY1jr7QO6mZLTmJjy7tOqSAMcB2q2kBomqLjBMyV7dotpcnZmUYY6khMsfgYWtPbUDOFcNmkA=="
    },
    "io-ts": {
      "version": "2.2.10",
      "resolved": "https://registry.npmjs.org/io-ts/-/io-ts-2.2.10.tgz",
      "integrity": "sha512-WHx5jJe7hPpc6JoSIVbD+Xn6tYqe3cRvNpX24d8Wi15/kxhRWa8apo0Gzag6Xg99sCNY9OHKylw/Vhv0JAbNPQ=="
    }
  }
}
