{
  "object": {
    "pins": [
      {
        "package": "MessagePack",
        "repositoryURL": "https://github.com/polypoly-eu/MessagePack.swift",
        "state": {
          "branch": null,
          "revision": "27b35fd49e92fcae395bf8ccb233499d89cc7890",
          "version": "4.0.0"
        }
      },
      {
        "package": "Zip",
        "repositoryURL": "https://github.com/marmelroy/Zip.git",
        "state": {
          "branch": null,
          "revision": "80b1c3005ee25b4c7ce46c4029ac3347e8d5e37e",
          "version": "2.0.0"
        }
      }
    ]
  },
  "version": 1
}
