{
  "object": {
    "pins": [
      {
        "package": "MessagePack",
        "repositoryURL": "https://github.com/polypoly-eu/MessagePack.swift",
        "state": {
          "branch": null,
          "revision": "27b35fd49e92fcae395bf8ccb233499d89cc7890",
          "version": "4.0.0"
        }
      },
      {
        "package": "Zip",
        "repositoryURL": "https://github.com/polypoly-eu/Zip",
        "state": {
          "branch": null,
          "revision": "bd19d974e8a38cc8d3a88c90c8a107386c3b8ccf",
          "version": "2.1.1"
        }
      }
    ]
  },
  "version": 1
}
