{
  "name": "@polypoly-eu/fetch-spec",
  "version": "0.0.1",
  "lockfileVersion": 2,
  "requires": true,
  "packages": {
    "": {
      "name": "@polypoly-eu/fetch-spec",
      "version": "0.0.1",
      "devDependencies": {
        "ts-node": "^9.1.1"
      }
    },
    "../../utils/dummy-server": {
      "name": "@polypoly-eu/dummy-server",
      "version": "0.0.2",
      "extraneous": true,
      "dependencies": {
        "express": "^4.17.1",
        "socket.io": "^4.4.1",
        "socket.io-client": "3.1.2"
      },
      "bin": {
        "start-dummy-server": "bin/server.start.js",
        "stop-dummy-server": "bin/server.stop.js"
      },
      "devDependencies": {
        "@babel/core": "^7.14.6",
        "@babel/preset-env": "^7.14.7",
        "supertest": "^6.1.3"
      }
    },
    "node_modules/arg": {
      "version": "4.1.3",
      "dev": true,
      "license": "MIT"
    },
    "node_modules/buffer-from": {
      "version": "1.1.2",
      "dev": true,
      "license": "MIT"
    },
    "node_modules/create-require": {
      "version": "1.1.1",
      "dev": true,
      "license": "MIT"
    },
    "node_modules/make-error": {
      "version": "1.3.6",
      "dev": true,
      "license": "ISC"
    },
    "node_modules/source-map": {
      "version": "0.6.1",
      "dev": true,
      "license": "BSD-3-Clause",
      "engines": {
        "node": ">=0.10.0"
      }
    },
    "node_modules/source-map-support": {
      "version": "0.5.19",
      "dev": true,
      "license": "MIT",
      "dependencies": {
        "buffer-from": "^1.0.0",
        "source-map": "^0.6.0"
      }
    },
    "node_modules/ts-node": {
      "version": "9.1.1",
      "dev": true,
      "license": "MIT",
      "dependencies": {
        "arg": "^4.1.0",
        "create-require": "^1.1.0",
        "diff": "^4.0.1",
        "make-error": "^1.1.1",
        "source-map-support": "^0.5.17",
        "yn": "3.1.1"
      },
      "bin": {
        "ts-node": "dist/bin.js",
        "ts-node-script": "dist/bin-script.js",
        "ts-node-transpile-only": "dist/bin-transpile.js",
        "ts-script": "dist/bin-script-deprecated.js"
      },
      "engines": {
        "node": ">=10.0.0"
      },
      "peerDependencies": {
        "typescript": ">=2.7"
      }
    },
    "node_modules/ts-node/node_modules/diff": {
      "version": "4.0.2",
      "dev": true,
      "license": "BSD-3-Clause",
      "engines": {
        "node": ">=0.3.1"
      }
    },
    "node_modules/typescript": {
      "version": "4.5.4",
      "dev": true,
      "license": "Apache-2.0",
      "peer": true,
      "bin": {
        "tsc": "bin/tsc",
        "tsserver": "bin/tsserver"
      },
      "engines": {
        "node": ">=4.2.0"
      }
    },
    "node_modules/yn": {
      "version": "3.1.1",
      "dev": true,
      "license": "MIT",
      "engines": {
        "node": ">=6"
      }
    }
  },
  "dependencies": {
    "arg": {
      "version": "4.1.3",
      "dev": true
    },
    "buffer-from": {
      "version": "1.1.2",
      "dev": true
    },
    "create-require": {
      "version": "1.1.1",
      "dev": true
    },
    "make-error": {
      "version": "1.3.6",
      "dev": true
    },
    "source-map": {
      "version": "0.6.1",
      "dev": true
    },
    "source-map-support": {
      "version": "0.5.19",
      "dev": true,
      "requires": {
        "buffer-from": "^1.0.0",
        "source-map": "^0.6.0"
      }
    },
    "ts-node": {
      "version": "9.1.1",
      "dev": true,
      "requires": {
        "arg": "^4.1.0",
        "create-require": "^1.1.0",
        "diff": "^4.0.1",
        "make-error": "^1.1.1",
        "source-map-support": "^0.5.17",
        "yn": "3.1.1"
      },
      "dependencies": {
        "diff": {
          "version": "4.0.2",
          "dev": true
        }
      }
    },
    "typescript": {
      "version": "4.5.4",
      "dev": true,
      "peer": true
    },
    "yn": {
      "version": "3.1.1",
      "dev": true
    }
  }
}
