{
  "object": {
    "pins": [
      {
        "package": "AppAuth",
        "repositoryURL": "https://github.com/openid/AppAuth-iOS.git",
        "state": {
          "branch": null,
          "revision": "33660c271c961f8ce1084cc13f2ea8195e864f7d",
          "version": "1.5.0"
        }
      },
      {
        "package": "CocoaLumberjack",
        "repositoryURL": "https://github.com/CocoaLumberjack/CocoaLumberjack.git",
        "state": {
          "branch": null,
          "revision": "80ada1f753b0d53d9b57c465936a7c4169375002",
          "version": "3.7.4"
        }
      },
      {
        "package": "MessagePack",
        "repositoryURL": "https://github.com/polypoly-eu/MessagePack.swift",
        "state": {
          "branch": null,
          "revision": "27b35fd49e92fcae395bf8ccb233499d89cc7890",
          "version": "4.0.0"
        }
      },
      {
        "package": "swift-log",
        "repositoryURL": "https://github.com/apple/swift-log.git",
        "state": {
          "branch": null,
          "revision": "6fe203dc33195667ce1759bf0182975e4653ba1c",
          "version": "1.4.4"
        }
      },
      {
        "package": "Zip",
        "repositoryURL": "https://github.com/polypoly-eu/Zip",
        "state": {
          "branch": null,
          "revision": "bd19d974e8a38cc8d3a88c90c8a107386c3b8ccf",
          "version": "2.1.1"
        }
      }
    ]
  },
  "version": 1
}
