// !$*UTF8*$!
{
	archiveVersion = 1;
	classes = {
	};
	objectVersion = 52;
	objects = {

/* Begin PBXBuildFile section */
		1A00DFF724569F3A0049F3F7 /* pod.html in Resources */ = {isa = PBXBuildFile; fileRef = 1A00DFF624569F3A0049F3F7 /* pod.html */; };
		1A00DFF9245961FB0049F3F7 /* messagePort.js in Resources */ = {isa = PBXBuildFile; fileRef = 1A00DFF8245961FB0049F3F7 /* messagePort.js */; };
		1A00DFFB245AAC3F0049F3F7 /* MessageName.swift in Sources */ = {isa = PBXBuildFile; fileRef = 1A00DFFA245AAC3E0049F3F7 /* MessageName.swift */; };
		1A183E9224AF1E860025F6BB /* PolyApiError.swift in Sources */ = {isa = PBXBuildFile; fileRef = 1A183E9124AF1E860025F6BB /* PolyApiError.swift */; };
		1A4C21C524A5F6A2006CC1FD /* PolyPodModel.xcdatamodeld in Sources */ = {isa = PBXBuildFile; fileRef = 1A4C21C324A5F6A2006CC1FD /* PolyPodModel.xcdatamodeld */; };
		1A4C21DB24A63DAB006CC1FD /* Zip in Frameworks */ = {isa = PBXBuildFile; productRef = 1A4C21DA24A63DAB006CC1FD /* Zip */; };
		1A4C21DE24A63DD4006CC1FD /* Term+CoreDataClass.swift in Sources */ = {isa = PBXBuildFile; fileRef = 1A4C21DC24A63DD4006CC1FD /* Term+CoreDataClass.swift */; };
		1A4C21DF24A63DD4006CC1FD /* Term+CoreDataProperties.swift in Sources */ = {isa = PBXBuildFile; fileRef = 1A4C21DD24A63DD4006CC1FD /* Term+CoreDataProperties.swift */; };
		1A4C21EC24A63E4B006CC1FD /* DefaultGraph+CoreDataClass.swift in Sources */ = {isa = PBXBuildFile; fileRef = 1A4C21E024A63E4B006CC1FD /* DefaultGraph+CoreDataClass.swift */; };
		1A4C21ED24A63E4B006CC1FD /* DefaultGraph+CoreDataProperties.swift in Sources */ = {isa = PBXBuildFile; fileRef = 1A4C21E124A63E4B006CC1FD /* DefaultGraph+CoreDataProperties.swift */; };
		1A4C21EE24A63E4B006CC1FD /* NamedNode+CoreDataClass.swift in Sources */ = {isa = PBXBuildFile; fileRef = 1A4C21E224A63E4B006CC1FD /* NamedNode+CoreDataClass.swift */; };
		1A4C21EF24A63E4B006CC1FD /* NamedNode+CoreDataProperties.swift in Sources */ = {isa = PBXBuildFile; fileRef = 1A4C21E324A63E4B006CC1FD /* NamedNode+CoreDataProperties.swift */; };
		1A4C21F024A63E4C006CC1FD /* BlankNode+CoreDataClass.swift in Sources */ = {isa = PBXBuildFile; fileRef = 1A4C21E424A63E4B006CC1FD /* BlankNode+CoreDataClass.swift */; };
		1A4C21F124A63E4C006CC1FD /* BlankNode+CoreDataProperties.swift in Sources */ = {isa = PBXBuildFile; fileRef = 1A4C21E524A63E4B006CC1FD /* BlankNode+CoreDataProperties.swift */; };
		1A4C21F224A63E4C006CC1FD /* Quad+CoreDataClass.swift in Sources */ = {isa = PBXBuildFile; fileRef = 1A4C21E624A63E4B006CC1FD /* Quad+CoreDataClass.swift */; };
		1A4C21F324A63E4C006CC1FD /* Quad+CoreDataProperties.swift in Sources */ = {isa = PBXBuildFile; fileRef = 1A4C21E724A63E4B006CC1FD /* Quad+CoreDataProperties.swift */; };
		1A4C21F424A63E4C006CC1FD /* Variable+CoreDataClass.swift in Sources */ = {isa = PBXBuildFile; fileRef = 1A4C21E824A63E4B006CC1FD /* Variable+CoreDataClass.swift */; };
		1A4C21F524A63E4C006CC1FD /* Variable+CoreDataProperties.swift in Sources */ = {isa = PBXBuildFile; fileRef = 1A4C21E924A63E4B006CC1FD /* Variable+CoreDataProperties.swift */; };
		1A4C21F624A63E4C006CC1FD /* Literal+CoreDataClass.swift in Sources */ = {isa = PBXBuildFile; fileRef = 1A4C21EA24A63E4B006CC1FD /* Literal+CoreDataClass.swift */; };
		1A4C21F724A63E4C006CC1FD /* Literal+CoreDataProperties.swift in Sources */ = {isa = PBXBuildFile; fileRef = 1A4C21EB24A63E4B006CC1FD /* Literal+CoreDataProperties.swift */; };
		1A57E65624A4C4110043E3AD /* Bubblewrap.swift in Sources */ = {isa = PBXBuildFile; fileRef = 1A57E65524A4C4110043E3AD /* Bubblewrap.swift */; };
		1A66F7692490DB8700ED4308 /* FetchRequestInit.swift in Sources */ = {isa = PBXBuildFile; fileRef = 1A66F7682490DB8700ED4308 /* FetchRequestInit.swift */; };
		1A66F76B2490DFA000ED4308 /* FetchResponse.swift in Sources */ = {isa = PBXBuildFile; fileRef = 1A66F76A2490DFA000ED4308 /* FetchResponse.swift */; };
		1A66F77D2493774100ED4308 /* NetworkSession.swift in Sources */ = {isa = PBXBuildFile; fileRef = 1A66F77C2493774100ED4308 /* NetworkSession.swift */; };
		1A66F77F249378E400ED4308 /* PolyOutTests.swift in Sources */ = {isa = PBXBuildFile; fileRef = 1A66F77E249378E400ED4308 /* PolyOutTests.swift */; };
		1A66F7802493793D00ED4308 /* PolyOut.swift in Sources */ = {isa = PBXBuildFile; fileRef = 1AF468B1242A34D700E51B6D /* PolyOut.swift */; };
		1A66F7812493794000ED4308 /* NetworkSession.swift in Sources */ = {isa = PBXBuildFile; fileRef = 1A66F77C2493774100ED4308 /* NetworkSession.swift */; };
		1A66F78424937A2E00ED4308 /* Unpack.swift in Sources */ = {isa = PBXBuildFile; fileRef = 1A8F487F247E91E000089217 /* Unpack.swift */; };
		1A66F78524937A2E00ED4308 /* ConvenienceProperties.swift in Sources */ = {isa = PBXBuildFile; fileRef = 1A8F4880247E91E000089217 /* ConvenienceProperties.swift */; };
		1A66F78624937A2E00ED4308 /* Pack.swift in Sources */ = {isa = PBXBuildFile; fileRef = 1A8F4881247E91E000089217 /* Pack.swift */; };
		1A66F78724937A2E00ED4308 /* ConvenienceInitializers.swift in Sources */ = {isa = PBXBuildFile; fileRef = 1A8F4882247E91E000089217 /* ConvenienceInitializers.swift */; };
		1A66F78824937A2E00ED4308 /* MessagePack.swift in Sources */ = {isa = PBXBuildFile; fileRef = 1A8F4883247E91E000089217 /* MessagePack.swift */; };
		1A66F78924937A2E00ED4308 /* LiteralConvertibles.swift in Sources */ = {isa = PBXBuildFile; fileRef = 1A8F4884247E91E000089217 /* LiteralConvertibles.swift */; };
		1A66F78A24937A2E00ED4308 /* Subdata.swift in Sources */ = {isa = PBXBuildFile; fileRef = 1A8F4885247E91E000089217 /* Subdata.swift */; };
		1A66F78E2498A80E00ED4308 /* podCheck.zip in Resources */ = {isa = PBXBuildFile; fileRef = 1A66F78D2498A80E00ED4308 /* podCheck.zip */; };
		1A6F4DF224C1A76200874DF9 /* PolyIn+Add.swift in Sources */ = {isa = PBXBuildFile; fileRef = 1A6F4DF124C1A76200874DF9 /* PolyIn+Add.swift */; };
		1A6F4DF424C1A76E00874DF9 /* PolyIn+Select.swift in Sources */ = {isa = PBXBuildFile; fileRef = 1A6F4DF324C1A76E00874DF9 /* PolyIn+Select.swift */; };
		1A8F4875247E40C600089217 /* PostOffice.swift in Sources */ = {isa = PBXBuildFile; fileRef = 1A8F4874247E40C600089217 /* PostOffice.swift */; };
		1A8F4886247E91E000089217 /* Unpack.swift in Sources */ = {isa = PBXBuildFile; fileRef = 1A8F487F247E91E000089217 /* Unpack.swift */; };
		1A8F4887247E91E000089217 /* ConvenienceProperties.swift in Sources */ = {isa = PBXBuildFile; fileRef = 1A8F4880247E91E000089217 /* ConvenienceProperties.swift */; };
		1A8F4888247E91E000089217 /* Pack.swift in Sources */ = {isa = PBXBuildFile; fileRef = 1A8F4881247E91E000089217 /* Pack.swift */; };
		1A8F4889247E91E000089217 /* ConvenienceInitializers.swift in Sources */ = {isa = PBXBuildFile; fileRef = 1A8F4882247E91E000089217 /* ConvenienceInitializers.swift */; };
		1A8F488A247E91E000089217 /* MessagePack.swift in Sources */ = {isa = PBXBuildFile; fileRef = 1A8F4883247E91E000089217 /* MessagePack.swift */; };
		1A8F488B247E91E000089217 /* LiteralConvertibles.swift in Sources */ = {isa = PBXBuildFile; fileRef = 1A8F4884247E91E000089217 /* LiteralConvertibles.swift */; };
		1A8F488C247E91E000089217 /* Subdata.swift in Sources */ = {isa = PBXBuildFile; fileRef = 1A8F4885247E91E000089217 /* Subdata.swift */; };
		1AA6DE3324191C94008DB1B2 /* AppDelegate.swift in Sources */ = {isa = PBXBuildFile; fileRef = 1AA6DE3224191C94008DB1B2 /* AppDelegate.swift */; };
		1AA6DE3524191C94008DB1B2 /* SceneDelegate.swift in Sources */ = {isa = PBXBuildFile; fileRef = 1AA6DE3424191C94008DB1B2 /* SceneDelegate.swift */; };
		1AA6DE3724191C94008DB1B2 /* FeatureViewController.swift in Sources */ = {isa = PBXBuildFile; fileRef = 1AA6DE3624191C94008DB1B2 /* FeatureViewController.swift */; };
		1AA6DE3A24191C94008DB1B2 /* Main.storyboard in Resources */ = {isa = PBXBuildFile; fileRef = 1AA6DE3824191C94008DB1B2 /* Main.storyboard */; };
		1AA6DE3C24191C96008DB1B2 /* Assets.xcassets in Resources */ = {isa = PBXBuildFile; fileRef = 1AA6DE3B24191C96008DB1B2 /* Assets.xcassets */; };
		1AA6DE3F24191C96008DB1B2 /* LaunchScreen.storyboard in Resources */ = {isa = PBXBuildFile; fileRef = 1AA6DE3D24191C96008DB1B2 /* LaunchScreen.storyboard */; };
		1AA6DE5A24192463008DB1B2 /* domConsole.js in Resources */ = {isa = PBXBuildFile; fileRef = 1AA6DE5924192463008DB1B2 /* domConsole.js */; };
		1AA6DE5C24192585008DB1B2 /* WKUserContentController+Additions.swift in Sources */ = {isa = PBXBuildFile; fileRef = 1AA6DE5B24192585008DB1B2 /* WKUserContentController+Additions.swift */; };
		1ABADBCB24E2E06600369791 /* initIframe.js in Resources */ = {isa = PBXBuildFile; fileRef = 1ABADBCA24E2E06600369791 /* initIframe.js */; };
		1ABADBCD24E2E2F800369791 /* pod.js in Resources */ = {isa = PBXBuildFile; fileRef = 1ABADBCC24E2E2F700369791 /* pod.js */; };
		1AF1178624BE22D50063EE37 /* FileStats.swift in Sources */ = {isa = PBXBuildFile; fileRef = 1AF1178524BE22D50063EE37 /* FileStats.swift */; };
		1AF1178A24BF0AF20063EE37 /* questionnaire-feature.zip in Resources */ = {isa = PBXBuildFile; fileRef = 1AF1178924BF0AF20063EE37 /* questionnaire-feature.zip */; };
		1AF1178C24C1740D0063EE37 /* Quad+Additions.swift in Sources */ = {isa = PBXBuildFile; fileRef = 1AF1178B24C1740D0063EE37 /* Quad+Additions.swift */; };
		1AF1178E24C174A00063EE37 /* Term+Additions.swift in Sources */ = {isa = PBXBuildFile; fileRef = 1AF1178D24C174A00063EE37 /* Term+Additions.swift */; };
		1AF1179024C178990063EE37 /* Literal+Additions.swift in Sources */ = {isa = PBXBuildFile; fileRef = 1AF1178F24C178990063EE37 /* Literal+Additions.swift */; };
		1AF1179224C1A20E0063EE37 /* PolyOut+Fetch.swift in Sources */ = {isa = PBXBuildFile; fileRef = 1AF1179124C1A20E0063EE37 /* PolyOut+Fetch.swift */; };
		1AF1179624C1A4A80063EE37 /* PolyOut+FS.swift in Sources */ = {isa = PBXBuildFile; fileRef = 1AF1179524C1A4A80063EE37 /* PolyOut+FS.swift */; };
		1AF46893241FBA7200E51B6D /* JSONSerialization+Additions.swift in Sources */ = {isa = PBXBuildFile; fileRef = 1AF46892241FBA7200E51B6D /* JSONSerialization+Additions.swift */; };
		1AF4689C2420D45800E51B6D /* FeatureListViewController.swift in Sources */ = {isa = PBXBuildFile; fileRef = 1AF4689B2420D45800E51B6D /* FeatureListViewController.swift */; };
		1AF4689E2420D5F600E51B6D /* FeaturesWallet.swift in Sources */ = {isa = PBXBuildFile; fileRef = 1AF4689D2420D5F600E51B6D /* FeaturesWallet.swift */; };
		1AF468A9242263FC00E51B6D /* polyLook.css in Resources */ = {isa = PBXBuildFile; fileRef = 1AF468A8242263FC00E51B6D /* polyLook.css */; };
		1AF468B0242A34CF00E51B6D /* PolyIn.swift in Sources */ = {isa = PBXBuildFile; fileRef = 1AF468AF242A34CF00E51B6D /* PolyIn.swift */; };
		1AF468B2242A34D700E51B6D /* PolyOut.swift in Sources */ = {isa = PBXBuildFile; fileRef = 1AF468B1242A34D700E51B6D /* PolyOut.swift */; };
		1AF468DC24349E6B00E51B6D /* PodApi.swift in Sources */ = {isa = PBXBuildFile; fileRef = 1AF468DB24349E6B00E51B6D /* PodApi.swift */; };
		1AF468DE24361D9D00E51B6D /* FileManager+Additions.swift in Sources */ = {isa = PBXBuildFile; fileRef = 1AF468DD24361D9D00E51B6D /* FileManager+Additions.swift */; };
/* End PBXBuildFile section */

/* Begin PBXContainerItemProxy section */
		1A66F7772493743D00ED4308 /* PBXContainerItemProxy */ = {
			isa = PBXContainerItemProxy;
			containerPortal = 1AA6DE2724191C94008DB1B2 /* Project object */;
			proxyType = 1;
			remoteGlobalIDString = 1AA6DE2E24191C94008DB1B2;
			remoteInfo = PolyPod;
		};
/* End PBXContainerItemProxy section */

/* Begin PBXFileReference section */
		1A00DFF624569F3A0049F3F7 /* pod.html */ = {isa = PBXFileReference; lastKnownFileType = text.html; path = pod.html; sourceTree = "<group>"; };
		1A00DFF8245961FB0049F3F7 /* messagePort.js */ = {isa = PBXFileReference; lastKnownFileType = sourcecode.javascript; path = messagePort.js; sourceTree = "<group>"; };
		1A00DFFA245AAC3E0049F3F7 /* MessageName.swift */ = {isa = PBXFileReference; fileEncoding = 4; lastKnownFileType = sourcecode.swift; path = MessageName.swift; sourceTree = "<group>"; };
		1A183E9124AF1E860025F6BB /* PolyApiError.swift */ = {isa = PBXFileReference; lastKnownFileType = sourcecode.swift; path = PolyApiError.swift; sourceTree = "<group>"; };
		1A4C21C424A5F6A2006CC1FD /* PolyPodModel.xcdatamodel */ = {isa = PBXFileReference; lastKnownFileType = wrapper.xcdatamodel; path = PolyPodModel.xcdatamodel; sourceTree = "<group>"; };
		1A4C21DC24A63DD4006CC1FD /* Term+CoreDataClass.swift */ = {isa = PBXFileReference; lastKnownFileType = sourcecode.swift; path = "Term+CoreDataClass.swift"; sourceTree = "<group>"; };
		1A4C21DD24A63DD4006CC1FD /* Term+CoreDataProperties.swift */ = {isa = PBXFileReference; lastKnownFileType = sourcecode.swift; path = "Term+CoreDataProperties.swift"; sourceTree = "<group>"; };
		1A4C21E024A63E4B006CC1FD /* DefaultGraph+CoreDataClass.swift */ = {isa = PBXFileReference; lastKnownFileType = sourcecode.swift; path = "DefaultGraph+CoreDataClass.swift"; sourceTree = "<group>"; };
		1A4C21E124A63E4B006CC1FD /* DefaultGraph+CoreDataProperties.swift */ = {isa = PBXFileReference; lastKnownFileType = sourcecode.swift; path = "DefaultGraph+CoreDataProperties.swift"; sourceTree = "<group>"; };
		1A4C21E224A63E4B006CC1FD /* NamedNode+CoreDataClass.swift */ = {isa = PBXFileReference; lastKnownFileType = sourcecode.swift; path = "NamedNode+CoreDataClass.swift"; sourceTree = "<group>"; };
		1A4C21E324A63E4B006CC1FD /* NamedNode+CoreDataProperties.swift */ = {isa = PBXFileReference; lastKnownFileType = sourcecode.swift; path = "NamedNode+CoreDataProperties.swift"; sourceTree = "<group>"; };
		1A4C21E424A63E4B006CC1FD /* BlankNode+CoreDataClass.swift */ = {isa = PBXFileReference; lastKnownFileType = sourcecode.swift; path = "BlankNode+CoreDataClass.swift"; sourceTree = "<group>"; };
		1A4C21E524A63E4B006CC1FD /* BlankNode+CoreDataProperties.swift */ = {isa = PBXFileReference; lastKnownFileType = sourcecode.swift; path = "BlankNode+CoreDataProperties.swift"; sourceTree = "<group>"; };
		1A4C21E624A63E4B006CC1FD /* Quad+CoreDataClass.swift */ = {isa = PBXFileReference; lastKnownFileType = sourcecode.swift; path = "Quad+CoreDataClass.swift"; sourceTree = "<group>"; };
		1A4C21E724A63E4B006CC1FD /* Quad+CoreDataProperties.swift */ = {isa = PBXFileReference; lastKnownFileType = sourcecode.swift; path = "Quad+CoreDataProperties.swift"; sourceTree = "<group>"; };
		1A4C21E824A63E4B006CC1FD /* Variable+CoreDataClass.swift */ = {isa = PBXFileReference; lastKnownFileType = sourcecode.swift; path = "Variable+CoreDataClass.swift"; sourceTree = "<group>"; };
		1A4C21E924A63E4B006CC1FD /* Variable+CoreDataProperties.swift */ = {isa = PBXFileReference; lastKnownFileType = sourcecode.swift; path = "Variable+CoreDataProperties.swift"; sourceTree = "<group>"; };
		1A4C21EA24A63E4B006CC1FD /* Literal+CoreDataClass.swift */ = {isa = PBXFileReference; lastKnownFileType = sourcecode.swift; path = "Literal+CoreDataClass.swift"; sourceTree = "<group>"; };
		1A4C21EB24A63E4B006CC1FD /* Literal+CoreDataProperties.swift */ = {isa = PBXFileReference; lastKnownFileType = sourcecode.swift; path = "Literal+CoreDataProperties.swift"; sourceTree = "<group>"; };
		1A57E65524A4C4110043E3AD /* Bubblewrap.swift */ = {isa = PBXFileReference; lastKnownFileType = sourcecode.swift; path = Bubblewrap.swift; sourceTree = "<group>"; };
		1A66F7682490DB8700ED4308 /* FetchRequestInit.swift */ = {isa = PBXFileReference; lastKnownFileType = sourcecode.swift; path = FetchRequestInit.swift; sourceTree = "<group>"; };
		1A66F76A2490DFA000ED4308 /* FetchResponse.swift */ = {isa = PBXFileReference; lastKnownFileType = sourcecode.swift; path = FetchResponse.swift; sourceTree = "<group>"; };
		1A66F7722493743D00ED4308 /* PolyPodTests.xctest */ = {isa = PBXFileReference; explicitFileType = wrapper.cfbundle; includeInIndex = 0; path = PolyPodTests.xctest; sourceTree = BUILT_PRODUCTS_DIR; };
		1A66F7762493743D00ED4308 /* Info.plist */ = {isa = PBXFileReference; lastKnownFileType = text.plist.xml; path = Info.plist; sourceTree = "<group>"; };
		1A66F77C2493774100ED4308 /* NetworkSession.swift */ = {isa = PBXFileReference; lastKnownFileType = sourcecode.swift; path = NetworkSession.swift; sourceTree = "<group>"; };
		1A66F77E249378E400ED4308 /* PolyOutTests.swift */ = {isa = PBXFileReference; lastKnownFileType = sourcecode.swift; path = PolyOutTests.swift; sourceTree = "<group>"; };
		1A66F78D2498A80E00ED4308 /* podCheck.zip */ = {isa = PBXFileReference; lastKnownFileType = archive.zip; path = podCheck.zip; sourceTree = "<group>"; };
		1A6F4DF124C1A76200874DF9 /* PolyIn+Add.swift */ = {isa = PBXFileReference; lastKnownFileType = sourcecode.swift; path = "PolyIn+Add.swift"; sourceTree = "<group>"; };
		1A6F4DF324C1A76E00874DF9 /* PolyIn+Select.swift */ = {isa = PBXFileReference; lastKnownFileType = sourcecode.swift; path = "PolyIn+Select.swift"; sourceTree = "<group>"; };
		1A8F4874247E40C600089217 /* PostOffice.swift */ = {isa = PBXFileReference; lastKnownFileType = sourcecode.swift; path = PostOffice.swift; sourceTree = "<group>"; };
		1A8F487F247E91E000089217 /* Unpack.swift */ = {isa = PBXFileReference; fileEncoding = 4; lastKnownFileType = sourcecode.swift; path = Unpack.swift; sourceTree = "<group>"; };
		1A8F4880247E91E000089217 /* ConvenienceProperties.swift */ = {isa = PBXFileReference; fileEncoding = 4; lastKnownFileType = sourcecode.swift; path = ConvenienceProperties.swift; sourceTree = "<group>"; };
		1A8F4881247E91E000089217 /* Pack.swift */ = {isa = PBXFileReference; fileEncoding = 4; lastKnownFileType = sourcecode.swift; path = Pack.swift; sourceTree = "<group>"; };
		1A8F4882247E91E000089217 /* ConvenienceInitializers.swift */ = {isa = PBXFileReference; fileEncoding = 4; lastKnownFileType = sourcecode.swift; path = ConvenienceInitializers.swift; sourceTree = "<group>"; };
		1A8F4883247E91E000089217 /* MessagePack.swift */ = {isa = PBXFileReference; fileEncoding = 4; lastKnownFileType = sourcecode.swift; path = MessagePack.swift; sourceTree = "<group>"; };
		1A8F4884247E91E000089217 /* LiteralConvertibles.swift */ = {isa = PBXFileReference; fileEncoding = 4; lastKnownFileType = sourcecode.swift; path = LiteralConvertibles.swift; sourceTree = "<group>"; };
		1A8F4885247E91E000089217 /* Subdata.swift */ = {isa = PBXFileReference; fileEncoding = 4; lastKnownFileType = sourcecode.swift; path = Subdata.swift; sourceTree = "<group>"; };
		1AA6DE2F24191C94008DB1B2 /* PolyPod.app */ = {isa = PBXFileReference; explicitFileType = wrapper.application; includeInIndex = 0; path = PolyPod.app; sourceTree = BUILT_PRODUCTS_DIR; };
		1AA6DE3224191C94008DB1B2 /* AppDelegate.swift */ = {isa = PBXFileReference; lastKnownFileType = sourcecode.swift; path = AppDelegate.swift; sourceTree = "<group>"; };
		1AA6DE3424191C94008DB1B2 /* SceneDelegate.swift */ = {isa = PBXFileReference; lastKnownFileType = sourcecode.swift; path = SceneDelegate.swift; sourceTree = "<group>"; };
		1AA6DE3624191C94008DB1B2 /* FeatureViewController.swift */ = {isa = PBXFileReference; lastKnownFileType = sourcecode.swift; path = FeatureViewController.swift; sourceTree = "<group>"; };
		1AA6DE3924191C94008DB1B2 /* Base */ = {isa = PBXFileReference; lastKnownFileType = file.storyboard; name = Base; path = Base.lproj/Main.storyboard; sourceTree = "<group>"; };
		1AA6DE3B24191C96008DB1B2 /* Assets.xcassets */ = {isa = PBXFileReference; lastKnownFileType = folder.assetcatalog; path = Assets.xcassets; sourceTree = "<group>"; };
		1AA6DE3E24191C96008DB1B2 /* Base */ = {isa = PBXFileReference; lastKnownFileType = file.storyboard; name = Base; path = Base.lproj/LaunchScreen.storyboard; sourceTree = "<group>"; };
		1AA6DE4024191C96008DB1B2 /* Info.plist */ = {isa = PBXFileReference; lastKnownFileType = text.plist.xml; path = Info.plist; sourceTree = "<group>"; };
		1AA6DE5924192463008DB1B2 /* domConsole.js */ = {isa = PBXFileReference; fileEncoding = 4; lastKnownFileType = sourcecode.javascript; path = domConsole.js; sourceTree = "<group>"; };
		1AA6DE5B24192585008DB1B2 /* WKUserContentController+Additions.swift */ = {isa = PBXFileReference; lastKnownFileType = sourcecode.swift; path = "WKUserContentController+Additions.swift"; sourceTree = "<group>"; };
		1ABADBCA24E2E06600369791 /* initIframe.js */ = {isa = PBXFileReference; lastKnownFileType = sourcecode.javascript; path = initIframe.js; sourceTree = "<group>"; };
		1ABADBCC24E2E2F700369791 /* pod.js */ = {isa = PBXFileReference; fileEncoding = 4; lastKnownFileType = sourcecode.javascript; path = pod.js; sourceTree = "<group>"; };
		1AF1178524BE22D50063EE37 /* FileStats.swift */ = {isa = PBXFileReference; lastKnownFileType = sourcecode.swift; path = FileStats.swift; sourceTree = "<group>"; };
		1AF1178924BF0AF20063EE37 /* questionnaire-feature.zip */ = {isa = PBXFileReference; lastKnownFileType = archive.zip; path = "questionnaire-feature.zip"; sourceTree = "<group>"; };
		1AF1178B24C1740D0063EE37 /* Quad+Additions.swift */ = {isa = PBXFileReference; lastKnownFileType = sourcecode.swift; path = "Quad+Additions.swift"; sourceTree = "<group>"; };
		1AF1178D24C174A00063EE37 /* Term+Additions.swift */ = {isa = PBXFileReference; lastKnownFileType = sourcecode.swift; path = "Term+Additions.swift"; sourceTree = "<group>"; };
		1AF1178F24C178990063EE37 /* Literal+Additions.swift */ = {isa = PBXFileReference; lastKnownFileType = sourcecode.swift; path = "Literal+Additions.swift"; sourceTree = "<group>"; };
		1AF1179124C1A20E0063EE37 /* PolyOut+Fetch.swift */ = {isa = PBXFileReference; lastKnownFileType = sourcecode.swift; path = "PolyOut+Fetch.swift"; sourceTree = "<group>"; };
		1AF1179524C1A4A80063EE37 /* PolyOut+FS.swift */ = {isa = PBXFileReference; lastKnownFileType = sourcecode.swift; path = "PolyOut+FS.swift"; sourceTree = "<group>"; };
		1AF46892241FBA7200E51B6D /* JSONSerialization+Additions.swift */ = {isa = PBXFileReference; lastKnownFileType = sourcecode.swift; path = "JSONSerialization+Additions.swift"; sourceTree = "<group>"; };
		1AF4689B2420D45800E51B6D /* FeatureListViewController.swift */ = {isa = PBXFileReference; lastKnownFileType = sourcecode.swift; path = FeatureListViewController.swift; sourceTree = "<group>"; };
		1AF4689D2420D5F600E51B6D /* FeaturesWallet.swift */ = {isa = PBXFileReference; lastKnownFileType = sourcecode.swift; path = FeaturesWallet.swift; sourceTree = "<group>"; };
		1AF468A8242263FC00E51B6D /* polyLook.css */ = {isa = PBXFileReference; fileEncoding = 4; lastKnownFileType = text.css; path = polyLook.css; sourceTree = "<group>"; };
		1AF468AF242A34CF00E51B6D /* PolyIn.swift */ = {isa = PBXFileReference; lastKnownFileType = sourcecode.swift; path = PolyIn.swift; sourceTree = "<group>"; };
		1AF468B1242A34D700E51B6D /* PolyOut.swift */ = {isa = PBXFileReference; lastKnownFileType = sourcecode.swift; path = PolyOut.swift; sourceTree = "<group>"; };
		1AF468DB24349E6B00E51B6D /* PodApi.swift */ = {isa = PBXFileReference; lastKnownFileType = sourcecode.swift; path = PodApi.swift; sourceTree = "<group>"; };
		1AF468DD24361D9D00E51B6D /* FileManager+Additions.swift */ = {isa = PBXFileReference; lastKnownFileType = sourcecode.swift; path = "FileManager+Additions.swift"; sourceTree = "<group>"; };
/* End PBXFileReference section */

/* Begin PBXFrameworksBuildPhase section */
		1A66F76F2493743D00ED4308 /* Frameworks */ = {
			isa = PBXFrameworksBuildPhase;
			buildActionMask = 2147483647;
			files = (
			);
			runOnlyForDeploymentPostprocessing = 0;
		};
		1AA6DE2C24191C94008DB1B2 /* Frameworks */ = {
			isa = PBXFrameworksBuildPhase;
			buildActionMask = 2147483647;
			files = (
				1A4C21DB24A63DAB006CC1FD /* Zip in Frameworks */,
			);
			runOnlyForDeploymentPostprocessing = 0;
		};
/* End PBXFrameworksBuildPhase section */

/* Begin PBXGroup section */
		1A57E65424A4C3FB0043E3AD /* Bubblewrap */ = {
			isa = PBXGroup;
			children = (
				1A57E65524A4C4110043E3AD /* Bubblewrap.swift */,
			);
			path = Bubblewrap;
			sourceTree = "<group>";
		};
		1A66F76C2493715400ED4308 /* PolyOut */ = {
			isa = PBXGroup;
			children = (
				1AF1179424C1A49A0063EE37 /* FS */,
				1AF1179324C1A2630063EE37 /* Fetch */,
				1AF468B1242A34D700E51B6D /* PolyOut.swift */,
				1A66F77C2493774100ED4308 /* NetworkSession.swift */,
			);
			path = PolyOut;
			sourceTree = "<group>";
		};
		1A66F76D2493719B00ED4308 /* PolyIn */ = {
			isa = PBXGroup;
			children = (
				1A6F4DF524C1A82F00874DF9 /* Quads */,
				1AF468AF242A34CF00E51B6D /* PolyIn.swift */,
			);
			path = PolyIn;
			sourceTree = "<group>";
		};
		1A66F7732493743D00ED4308 /* PolyPodTests */ = {
			isa = PBXGroup;
			children = (
				1A66F77E249378E400ED4308 /* PolyOutTests.swift */,
				1A66F7762493743D00ED4308 /* Info.plist */,
			);
			path = PolyPodTests;
			sourceTree = "<group>";
		};
		1A66F78C2498A80E00ED4308 /* PodCheck */ = {
			isa = PBXGroup;
			children = (
				1A66F78D2498A80E00ED4308 /* podCheck.zip */,
			);
			path = PodCheck;
			sourceTree = "<group>";
		};
		1A6F4DF524C1A82F00874DF9 /* Quads */ = {
			isa = PBXGroup;
			children = (
				1A6F4DF124C1A76200874DF9 /* PolyIn+Add.swift */,
				1A6F4DF324C1A76E00874DF9 /* PolyIn+Select.swift */,
			);
			path = Quads;
			sourceTree = "<group>";
		};
		1A6F4DF624C1B9BE00874DF9 /* CoreDataModels */ = {
			isa = PBXGroup;
			children = (
				1A4C21E024A63E4B006CC1FD /* DefaultGraph+CoreDataClass.swift */,
				1A4C21E124A63E4B006CC1FD /* DefaultGraph+CoreDataProperties.swift */,
				1A4C21E224A63E4B006CC1FD /* NamedNode+CoreDataClass.swift */,
				1A4C21E324A63E4B006CC1FD /* NamedNode+CoreDataProperties.swift */,
				1A4C21E424A63E4B006CC1FD /* BlankNode+CoreDataClass.swift */,
				1A4C21E524A63E4B006CC1FD /* BlankNode+CoreDataProperties.swift */,
				1A4C21E624A63E4B006CC1FD /* Quad+CoreDataClass.swift */,
				1A4C21E724A63E4B006CC1FD /* Quad+CoreDataProperties.swift */,
				1AF1178B24C1740D0063EE37 /* Quad+Additions.swift */,
				1A4C21E824A63E4B006CC1FD /* Variable+CoreDataClass.swift */,
				1A4C21E924A63E4B006CC1FD /* Variable+CoreDataProperties.swift */,
				1A4C21EA24A63E4B006CC1FD /* Literal+CoreDataClass.swift */,
				1A4C21EB24A63E4B006CC1FD /* Literal+CoreDataProperties.swift */,
				1AF1178F24C178990063EE37 /* Literal+Additions.swift */,
				1A4C21DC24A63DD4006CC1FD /* Term+CoreDataClass.swift */,
				1A4C21DD24A63DD4006CC1FD /* Term+CoreDataProperties.swift */,
				1AF1178D24C174A00063EE37 /* Term+Additions.swift */,
			);
			path = CoreDataModels;
			sourceTree = "<group>";
		};
		1A8F487E247E91E000089217 /* MessagePack */ = {
			isa = PBXGroup;
			children = (
				1A8F487F247E91E000089217 /* Unpack.swift */,
				1A8F4880247E91E000089217 /* ConvenienceProperties.swift */,
				1A8F4881247E91E000089217 /* Pack.swift */,
				1A8F4882247E91E000089217 /* ConvenienceInitializers.swift */,
				1A8F4883247E91E000089217 /* MessagePack.swift */,
				1A8F4884247E91E000089217 /* LiteralConvertibles.swift */,
				1A8F4885247E91E000089217 /* Subdata.swift */,
			);
			path = MessagePack;
			sourceTree = "<group>";
		};
		1AA6DE2624191C94008DB1B2 = {
			isa = PBXGroup;
			children = (
				1A57E65424A4C3FB0043E3AD /* Bubblewrap */,
				1A6F4DF624C1B9BE00874DF9 /* CoreDataModels */,
				1AA6DE492419212E008DB1B2 /* Features */,
				1AA6DE4624192079008DB1B2 /* PodApi */,
				1AA6DE3124191C94008DB1B2 /* PolyPod */,
				1A8F487E247E91E000089217 /* MessagePack */,
				1A66F7732493743D00ED4308 /* PolyPodTests */,
				1AA6DE3024191C94008DB1B2 /* Products */,
			);
			sourceTree = "<group>";
		};
		1AA6DE3024191C94008DB1B2 /* Products */ = {
			isa = PBXGroup;
			children = (
				1AA6DE2F24191C94008DB1B2 /* PolyPod.app */,
				1A66F7722493743D00ED4308 /* PolyPodTests.xctest */,
			);
			name = Products;
			sourceTree = "<group>";
		};
		1AA6DE3124191C94008DB1B2 /* PolyPod */ = {
			isa = PBXGroup;
			children = (
				1A4C21C324A5F6A2006CC1FD /* PolyPodModel.xcdatamodeld */,
				1AA6DE3224191C94008DB1B2 /* AppDelegate.swift */,
				1AA6DE3424191C94008DB1B2 /* SceneDelegate.swift */,
				1AF4689D2420D5F600E51B6D /* FeaturesWallet.swift */,
				1AF4689B2420D45800E51B6D /* FeatureListViewController.swift */,
				1AA6DE3624191C94008DB1B2 /* FeatureViewController.swift */,
				1AA6DE3824191C94008DB1B2 /* Main.storyboard */,
				1AA6DE5B24192585008DB1B2 /* WKUserContentController+Additions.swift */,
				1AF46892241FBA7200E51B6D /* JSONSerialization+Additions.swift */,
				1AF468DD24361D9D00E51B6D /* FileManager+Additions.swift */,
				1AA6DE3B24191C96008DB1B2 /* Assets.xcassets */,
				1AA6DE3D24191C96008DB1B2 /* LaunchScreen.storyboard */,
				1AA6DE4024191C96008DB1B2 /* Info.plist */,
			);
			path = PolyPod;
			sourceTree = "<group>";
		};
		1AA6DE4624192079008DB1B2 /* PodApi */ = {
			isa = PBXGroup;
			children = (
				1A66F76D2493719B00ED4308 /* PolyIn */,
				1A66F76C2493715400ED4308 /* PolyOut */,
				1AA6DE5924192463008DB1B2 /* domConsole.js */,
				1AF468A8242263FC00E51B6D /* polyLook.css */,
				1ABADBCC24E2E2F700369791 /* pod.js */,
				1A00DFF8245961FB0049F3F7 /* messagePort.js */,
				1A00DFFA245AAC3E0049F3F7 /* MessageName.swift */,
				1AF468DB24349E6B00E51B6D /* PodApi.swift */,
				1A8F4874247E40C600089217 /* PostOffice.swift */,
				1A183E9124AF1E860025F6BB /* PolyApiError.swift */,
			);
			path = PodApi;
			sourceTree = "<group>";
		};
		1AA6DE492419212E008DB1B2 /* Features */ = {
			isa = PBXGroup;
			children = (
				1AF1178824BF0AB90063EE37 /* Questionnaire-Feature */,
				1A66F78C2498A80E00ED4308 /* PodCheck */,
				1A00DFF624569F3A0049F3F7 /* pod.html */,
				1ABADBCA24E2E06600369791 /* initIframe.js */,
			);
			path = Features;
			sourceTree = "<group>";
		};
		1AF1178824BF0AB90063EE37 /* Questionnaire-Feature */ = {
			isa = PBXGroup;
			children = (
				1AF1178924BF0AF20063EE37 /* questionnaire-feature.zip */,
			);
			path = "Questionnaire-Feature";
			sourceTree = "<group>";
		};
		1AF1179324C1A2630063EE37 /* Fetch */ = {
			isa = PBXGroup;
			children = (
				1AF1179124C1A20E0063EE37 /* PolyOut+Fetch.swift */,
				1A66F7682490DB8700ED4308 /* FetchRequestInit.swift */,
				1A66F76A2490DFA000ED4308 /* FetchResponse.swift */,
			);
			path = Fetch;
			sourceTree = "<group>";
		};
		1AF1179424C1A49A0063EE37 /* FS */ = {
			isa = PBXGroup;
			children = (
				1AF1179524C1A4A80063EE37 /* PolyOut+FS.swift */,
				1AF1178524BE22D50063EE37 /* FileStats.swift */,
			);
			path = FS;
			sourceTree = "<group>";
		};
/* End PBXGroup section */

/* Begin PBXNativeTarget section */
		1A66F7712493743D00ED4308 /* PolyPodTests */ = {
			isa = PBXNativeTarget;
			buildConfigurationList = 1A66F7792493743D00ED4308 /* Build configuration list for PBXNativeTarget "PolyPodTests" */;
			buildPhases = (
				1A66F76E2493743D00ED4308 /* Sources */,
				1A66F76F2493743D00ED4308 /* Frameworks */,
				1A66F7702493743D00ED4308 /* Resources */,
			);
			buildRules = (
			);
			dependencies = (
				1A66F7782493743D00ED4308 /* PBXTargetDependency */,
			);
			name = PolyPodTests;
			productName = PolyPodTests;
			productReference = 1A66F7722493743D00ED4308 /* PolyPodTests.xctest */;
			productType = "com.apple.product-type.bundle.unit-test";
		};
		1AA6DE2E24191C94008DB1B2 /* PolyPod */ = {
			isa = PBXNativeTarget;
			buildConfigurationList = 1AA6DE4324191C96008DB1B2 /* Build configuration list for PBXNativeTarget "PolyPod" */;
			buildPhases = (
				1AA6DE2B24191C94008DB1B2 /* Sources */,
				1AA6DE2C24191C94008DB1B2 /* Frameworks */,
				1AA6DE2D24191C94008DB1B2 /* Resources */,
			);
			buildRules = (
			);
			dependencies = (
			);
			name = PolyPod;
			packageProductDependencies = (
				1A4C21DA24A63DAB006CC1FD /* Zip */,
			);
			productName = PolyPod;
			productReference = 1AA6DE2F24191C94008DB1B2 /* PolyPod.app */;
			productType = "com.apple.product-type.application";
		};
/* End PBXNativeTarget section */

/* Begin PBXProject section */
		1AA6DE2724191C94008DB1B2 /* Project object */ = {
			isa = PBXProject;
			attributes = {
				LastSwiftUpdateCheck = 1130;
				LastUpgradeCheck = 1130;
				ORGANIZATIONNAME = polypoly;
				TargetAttributes = {
					1A66F7712493743D00ED4308 = {
						CreatedOnToolsVersion = 11.3.1;
						TestTargetID = 1AA6DE2E24191C94008DB1B2;
					};
					1AA6DE2E24191C94008DB1B2 = {
						CreatedOnToolsVersion = 11.3.1;
					};
				};
			};
			buildConfigurationList = 1AA6DE2A24191C94008DB1B2 /* Build configuration list for PBXProject "PolyPod" */;
			compatibilityVersion = "Xcode 9.3";
			developmentRegion = en;
			hasScannedForEncodings = 0;
			knownRegions = (
				en,
				Base,
			);
			mainGroup = 1AA6DE2624191C94008DB1B2;
			packageReferences = (
				1A4C21D924A63DAB006CC1FD /* XCRemoteSwiftPackageReference "Zip" */,
			);
			productRefGroup = 1AA6DE3024191C94008DB1B2 /* Products */;
			projectDirPath = "";
			projectRoot = "";
			targets = (
				1AA6DE2E24191C94008DB1B2 /* PolyPod */,
				1A66F7712493743D00ED4308 /* PolyPodTests */,
			);
		};
/* End PBXProject section */

/* Begin PBXResourcesBuildPhase section */
		1A66F7702493743D00ED4308 /* Resources */ = {
			isa = PBXResourcesBuildPhase;
			buildActionMask = 2147483647;
			files = (
			);
			runOnlyForDeploymentPostprocessing = 0;
		};
		1AA6DE2D24191C94008DB1B2 /* Resources */ = {
			isa = PBXResourcesBuildPhase;
			buildActionMask = 2147483647;
			files = (
				1ABADBCB24E2E06600369791 /* initIframe.js in Resources */,
				1ABADBCD24E2E2F800369791 /* pod.js in Resources */,
				1A00DFF724569F3A0049F3F7 /* pod.html in Resources */,
				1AA6DE5A24192463008DB1B2 /* domConsole.js in Resources */,
				1AF1178A24BF0AF20063EE37 /* questionnaire-feature.zip in Resources */,
				1A00DFF9245961FB0049F3F7 /* messagePort.js in Resources */,
				1AF468A9242263FC00E51B6D /* polyLook.css in Resources */,
				1AA6DE3F24191C96008DB1B2 /* LaunchScreen.storyboard in Resources */,
				1AA6DE3C24191C96008DB1B2 /* Assets.xcassets in Resources */,
				1AA6DE3A24191C94008DB1B2 /* Main.storyboard in Resources */,
				1A66F78E2498A80E00ED4308 /* podCheck.zip in Resources */,
			);
			runOnlyForDeploymentPostprocessing = 0;
		};
/* End PBXResourcesBuildPhase section */

/* Begin PBXSourcesBuildPhase section */
		1A66F76E2493743D00ED4308 /* Sources */ = {
			isa = PBXSourcesBuildPhase;
			buildActionMask = 2147483647;
			files = (
				1A66F78524937A2E00ED4308 /* ConvenienceProperties.swift in Sources */,
				1A66F78424937A2E00ED4308 /* Unpack.swift in Sources */,
				1A66F78824937A2E00ED4308 /* MessagePack.swift in Sources */,
				1A66F7802493793D00ED4308 /* PolyOut.swift in Sources */,
				1A66F78A24937A2E00ED4308 /* Subdata.swift in Sources */,
				1A66F78624937A2E00ED4308 /* Pack.swift in Sources */,
				1A66F7812493794000ED4308 /* NetworkSession.swift in Sources */,
				1A66F77F249378E400ED4308 /* PolyOutTests.swift in Sources */,
				1A66F78924937A2E00ED4308 /* LiteralConvertibles.swift in Sources */,
				1A66F78724937A2E00ED4308 /* ConvenienceInitializers.swift in Sources */,
			);
			runOnlyForDeploymentPostprocessing = 0;
		};
		1AA6DE2B24191C94008DB1B2 /* Sources */ = {
			isa = PBXSourcesBuildPhase;
			buildActionMask = 2147483647;
			files = (
				1A4C21EC24A63E4B006CC1FD /* DefaultGraph+CoreDataClass.swift in Sources */,
				1AF468B2242A34D700E51B6D /* PolyOut.swift in Sources */,
				1A66F7692490DB8700ED4308 /* FetchRequestInit.swift in Sources */,
				1A66F77D2493774100ED4308 /* NetworkSession.swift in Sources */,
				1A6F4DF424C1A76E00874DF9 /* PolyIn+Select.swift in Sources */,
				1A8F4886247E91E000089217 /* Unpack.swift in Sources */,
				1A8F4887247E91E000089217 /* ConvenienceProperties.swift in Sources */,
				1AF4689C2420D45800E51B6D /* FeatureListViewController.swift in Sources */,
				1A8F488A247E91E000089217 /* MessagePack.swift in Sources */,
				1A8F488B247E91E000089217 /* LiteralConvertibles.swift in Sources */,
				1A4C21F424A63E4C006CC1FD /* Variable+CoreDataClass.swift in Sources */,
				1A6F4DF224C1A76200874DF9 /* PolyIn+Add.swift in Sources */,
				1A8F488C247E91E000089217 /* Subdata.swift in Sources */,
				1A4C21F024A63E4C006CC1FD /* BlankNode+CoreDataClass.swift in Sources */,
				1A57E65624A4C4110043E3AD /* Bubblewrap.swift in Sources */,
				1AF1178E24C174A00063EE37 /* Term+Additions.swift in Sources */,
				1A183E9224AF1E860025F6BB /* PolyApiError.swift in Sources */,
				1A4C21F124A63E4C006CC1FD /* BlankNode+CoreDataProperties.swift in Sources */,
				1A4C21F324A63E4C006CC1FD /* Quad+CoreDataProperties.swift in Sources */,
				1AF1179024C178990063EE37 /* Literal+Additions.swift in Sources */,
				1A8F4875247E40C600089217 /* PostOffice.swift in Sources */,
				1AF1178624BE22D50063EE37 /* FileStats.swift in Sources */,
				1A00DFFB245AAC3F0049F3F7 /* MessageName.swift in Sources */,
				1A4C21F624A63E4C006CC1FD /* Literal+CoreDataClass.swift in Sources */,
				1A8F4888247E91E000089217 /* Pack.swift in Sources */,
				1A4C21DE24A63DD4006CC1FD /* Term+CoreDataClass.swift in Sources */,
				1A4C21EE24A63E4B006CC1FD /* NamedNode+CoreDataClass.swift in Sources */,
				1AA6DE3724191C94008DB1B2 /* FeatureViewController.swift in Sources */,
				1A4C21DF24A63DD4006CC1FD /* Term+CoreDataProperties.swift in Sources */,
				1AA6DE3324191C94008DB1B2 /* AppDelegate.swift in Sources */,
				1AA6DE3524191C94008DB1B2 /* SceneDelegate.swift in Sources */,
				1AF1179224C1A20E0063EE37 /* PolyOut+Fetch.swift in Sources */,
				1A4C21ED24A63E4B006CC1FD /* DefaultGraph+CoreDataProperties.swift in Sources */,
				1A8F4889247E91E000089217 /* ConvenienceInitializers.swift in Sources */,
				1A4C21F524A63E4C006CC1FD /* Variable+CoreDataProperties.swift in Sources */,
				1A4C21F724A63E4C006CC1FD /* Literal+CoreDataProperties.swift in Sources */,
				1A4C21EF24A63E4B006CC1FD /* NamedNode+CoreDataProperties.swift in Sources */,
				1AF46893241FBA7200E51B6D /* JSONSerialization+Additions.swift in Sources */,
				1A4C21F224A63E4C006CC1FD /* Quad+CoreDataClass.swift in Sources */,
				1AF4689E2420D5F600E51B6D /* FeaturesWallet.swift in Sources */,
				1AF468DE24361D9D00E51B6D /* FileManager+Additions.swift in Sources */,
				1AF1178C24C1740D0063EE37 /* Quad+Additions.swift in Sources */,
				1A4C21C524A5F6A2006CC1FD /* PolyPodModel.xcdatamodeld in Sources */,
				1AF1179624C1A4A80063EE37 /* PolyOut+FS.swift in Sources */,
				1AF468DC24349E6B00E51B6D /* PodApi.swift in Sources */,
				1AF468B0242A34CF00E51B6D /* PolyIn.swift in Sources */,
				1AA6DE5C24192585008DB1B2 /* WKUserContentController+Additions.swift in Sources */,
				1A66F76B2490DFA000ED4308 /* FetchResponse.swift in Sources */,
			);
			runOnlyForDeploymentPostprocessing = 0;
		};
/* End PBXSourcesBuildPhase section */

/* Begin PBXTargetDependency section */
		1A66F7782493743D00ED4308 /* PBXTargetDependency */ = {
			isa = PBXTargetDependency;
			target = 1AA6DE2E24191C94008DB1B2 /* PolyPod */;
			targetProxy = 1A66F7772493743D00ED4308 /* PBXContainerItemProxy */;
		};
/* End PBXTargetDependency section */

/* Begin PBXVariantGroup section */
		1AA6DE3824191C94008DB1B2 /* Main.storyboard */ = {
			isa = PBXVariantGroup;
			children = (
				1AA6DE3924191C94008DB1B2 /* Base */,
			);
			name = Main.storyboard;
			sourceTree = "<group>";
		};
		1AA6DE3D24191C96008DB1B2 /* LaunchScreen.storyboard */ = {
			isa = PBXVariantGroup;
			children = (
				1AA6DE3E24191C96008DB1B2 /* Base */,
			);
			name = LaunchScreen.storyboard;
			sourceTree = "<group>";
		};
/* End PBXVariantGroup section */

/* Begin XCBuildConfiguration section */
		1A66F77A2493743D00ED4308 /* Debug */ = {
			isa = XCBuildConfiguration;
			buildSettings = {
				BUNDLE_LOADER = "$(TEST_HOST)";
				CODE_SIGN_STYLE = Automatic;
				INFOPLIST_FILE = PolyPodTests/Info.plist;
				LD_RUNPATH_SEARCH_PATHS = (
					"$(inherited)",
					"@executable_path/Frameworks",
					"@loader_path/Frameworks",
				);
				PRODUCT_BUNDLE_IDENTIFIER = com.innoq.PolyPodTests;
				PRODUCT_NAME = "$(TARGET_NAME)";
				SWIFT_VERSION = 5.0;
				TARGETED_DEVICE_FAMILY = "1,2";
				TEST_HOST = "$(BUILT_PRODUCTS_DIR)/PolyPod.app/PolyPod";
			};
			name = Debug;
		};
		1A66F77B2493743D00ED4308 /* Release */ = {
			isa = XCBuildConfiguration;
			buildSettings = {
				BUNDLE_LOADER = "$(TEST_HOST)";
				CODE_SIGN_STYLE = Automatic;
				INFOPLIST_FILE = PolyPodTests/Info.plist;
				LD_RUNPATH_SEARCH_PATHS = (
					"$(inherited)",
					"@executable_path/Frameworks",
					"@loader_path/Frameworks",
				);
				PRODUCT_BUNDLE_IDENTIFIER = com.innoq.PolyPodTests;
				PRODUCT_NAME = "$(TARGET_NAME)";
				SWIFT_VERSION = 5.0;
				TARGETED_DEVICE_FAMILY = "1,2";
				TEST_HOST = "$(BUILT_PRODUCTS_DIR)/PolyPod.app/PolyPod";
			};
			name = Release;
		};
		1AA6DE4124191C96008DB1B2 /* Debug */ = {
			isa = XCBuildConfiguration;
			buildSettings = {
				ALWAYS_SEARCH_USER_PATHS = NO;
				CLANG_ANALYZER_NONNULL = YES;
				CLANG_ANALYZER_NUMBER_OBJECT_CONVERSION = YES_AGGRESSIVE;
				CLANG_CXX_LANGUAGE_STANDARD = "gnu++14";
				CLANG_CXX_LIBRARY = "libc++";
				CLANG_ENABLE_MODULES = YES;
				CLANG_ENABLE_OBJC_ARC = YES;
				CLANG_ENABLE_OBJC_WEAK = YES;
				CLANG_WARN_BLOCK_CAPTURE_AUTORELEASING = YES;
				CLANG_WARN_BOOL_CONVERSION = YES;
				CLANG_WARN_COMMA = YES;
				CLANG_WARN_CONSTANT_CONVERSION = YES;
				CLANG_WARN_DEPRECATED_OBJC_IMPLEMENTATIONS = YES;
				CLANG_WARN_DIRECT_OBJC_ISA_USAGE = YES_ERROR;
				CLANG_WARN_DOCUMENTATION_COMMENTS = YES;
				CLANG_WARN_EMPTY_BODY = YES;
				CLANG_WARN_ENUM_CONVERSION = YES;
				CLANG_WARN_INFINITE_RECURSION = YES;
				CLANG_WARN_INT_CONVERSION = YES;
				CLANG_WARN_NON_LITERAL_NULL_CONVERSION = YES;
				CLANG_WARN_OBJC_IMPLICIT_RETAIN_SELF = YES;
				CLANG_WARN_OBJC_LITERAL_CONVERSION = YES;
				CLANG_WARN_OBJC_ROOT_CLASS = YES_ERROR;
				CLANG_WARN_RANGE_LOOP_ANALYSIS = YES;
				CLANG_WARN_STRICT_PROTOTYPES = YES;
				CLANG_WARN_SUSPICIOUS_MOVE = YES;
				CLANG_WARN_UNGUARDED_AVAILABILITY = YES_AGGRESSIVE;
				CLANG_WARN_UNREACHABLE_CODE = YES;
				CLANG_WARN__DUPLICATE_METHOD_MATCH = YES;
				COPY_PHASE_STRIP = NO;
				DEBUG_INFORMATION_FORMAT = dwarf;
				ENABLE_STRICT_OBJC_MSGSEND = YES;
				ENABLE_TESTABILITY = YES;
				GCC_C_LANGUAGE_STANDARD = gnu11;
				GCC_DYNAMIC_NO_PIC = NO;
				GCC_NO_COMMON_BLOCKS = YES;
				GCC_OPTIMIZATION_LEVEL = 0;
				GCC_PREPROCESSOR_DEFINITIONS = (
					"DEBUG=1",
					"$(inherited)",
				);
				GCC_WARN_64_TO_32_BIT_CONVERSION = YES;
				GCC_WARN_ABOUT_RETURN_TYPE = YES_ERROR;
				GCC_WARN_UNDECLARED_SELECTOR = YES;
				GCC_WARN_UNINITIALIZED_AUTOS = YES_AGGRESSIVE;
				GCC_WARN_UNUSED_FUNCTION = YES;
				GCC_WARN_UNUSED_VARIABLE = YES;
				IPHONEOS_DEPLOYMENT_TARGET = 13.2;
				MTL_ENABLE_DEBUG_INFO = INCLUDE_SOURCE;
				MTL_FAST_MATH = YES;
				ONLY_ACTIVE_ARCH = YES;
				SDKROOT = iphoneos;
				SWIFT_ACTIVE_COMPILATION_CONDITIONS = DEBUG;
				SWIFT_OPTIMIZATION_LEVEL = "-Onone";
			};
			name = Debug;
		};
		1AA6DE4224191C96008DB1B2 /* Release */ = {
			isa = XCBuildConfiguration;
			buildSettings = {
				ALWAYS_SEARCH_USER_PATHS = NO;
				CLANG_ANALYZER_NONNULL = YES;
				CLANG_ANALYZER_NUMBER_OBJECT_CONVERSION = YES_AGGRESSIVE;
				CLANG_CXX_LANGUAGE_STANDARD = "gnu++14";
				CLANG_CXX_LIBRARY = "libc++";
				CLANG_ENABLE_MODULES = YES;
				CLANG_ENABLE_OBJC_ARC = YES;
				CLANG_ENABLE_OBJC_WEAK = YES;
				CLANG_WARN_BLOCK_CAPTURE_AUTORELEASING = YES;
				CLANG_WARN_BOOL_CONVERSION = YES;
				CLANG_WARN_COMMA = YES;
				CLANG_WARN_CONSTANT_CONVERSION = YES;
				CLANG_WARN_DEPRECATED_OBJC_IMPLEMENTATIONS = YES;
				CLANG_WARN_DIRECT_OBJC_ISA_USAGE = YES_ERROR;
				CLANG_WARN_DOCUMENTATION_COMMENTS = YES;
				CLANG_WARN_EMPTY_BODY = YES;
				CLANG_WARN_ENUM_CONVERSION = YES;
				CLANG_WARN_INFINITE_RECURSION = YES;
				CLANG_WARN_INT_CONVERSION = YES;
				CLANG_WARN_NON_LITERAL_NULL_CONVERSION = YES;
				CLANG_WARN_OBJC_IMPLICIT_RETAIN_SELF = YES;
				CLANG_WARN_OBJC_LITERAL_CONVERSION = YES;
				CLANG_WARN_OBJC_ROOT_CLASS = YES_ERROR;
				CLANG_WARN_RANGE_LOOP_ANALYSIS = YES;
				CLANG_WARN_STRICT_PROTOTYPES = YES;
				CLANG_WARN_SUSPICIOUS_MOVE = YES;
				CLANG_WARN_UNGUARDED_AVAILABILITY = YES_AGGRESSIVE;
				CLANG_WARN_UNREACHABLE_CODE = YES;
				CLANG_WARN__DUPLICATE_METHOD_MATCH = YES;
				COPY_PHASE_STRIP = NO;
				DEBUG_INFORMATION_FORMAT = "dwarf-with-dsym";
				ENABLE_NS_ASSERTIONS = NO;
				ENABLE_STRICT_OBJC_MSGSEND = YES;
				GCC_C_LANGUAGE_STANDARD = gnu11;
				GCC_NO_COMMON_BLOCKS = YES;
				GCC_WARN_64_TO_32_BIT_CONVERSION = YES;
				GCC_WARN_ABOUT_RETURN_TYPE = YES_ERROR;
				GCC_WARN_UNDECLARED_SELECTOR = YES;
				GCC_WARN_UNINITIALIZED_AUTOS = YES_AGGRESSIVE;
				GCC_WARN_UNUSED_FUNCTION = YES;
				GCC_WARN_UNUSED_VARIABLE = YES;
				IPHONEOS_DEPLOYMENT_TARGET = 13.2;
				MTL_ENABLE_DEBUG_INFO = NO;
				MTL_FAST_MATH = YES;
				SDKROOT = iphoneos;
				SWIFT_COMPILATION_MODE = wholemodule;
				SWIFT_OPTIMIZATION_LEVEL = "-O";
				VALIDATE_PRODUCT = YES;
			};
			name = Release;
		};
		1AA6DE4424191C96008DB1B2 /* Debug */ = {
			isa = XCBuildConfiguration;
			buildSettings = {
				ASSETCATALOG_COMPILER_APPICON_NAME = AppIcon;
				CODE_SIGN_STYLE = Automatic;
				DEVELOPMENT_TEAM = 8FPR9ASV66;
				FRAMEWORK_SEARCH_PATHS = (
					"$(inherited)",
					"$(PROJECT_DIR)",
				);
				INFOPLIST_FILE = PolyPod/Info.plist;
				LD_RUNPATH_SEARCH_PATHS = (
					"$(inherited)",
					"@executable_path/Frameworks",
				);
				PRODUCT_BUNDLE_IDENTIFIER = com.polypoly.PolyPod;
				PRODUCT_NAME = "$(TARGET_NAME)";
				SWIFT_VERSION = 5.0;
				TARGETED_DEVICE_FAMILY = "1,2";
			};
			name = Debug;
		};
		1AA6DE4524191C96008DB1B2 /* Release */ = {
			isa = XCBuildConfiguration;
			buildSettings = {
				ASSETCATALOG_COMPILER_APPICON_NAME = AppIcon;
				CODE_SIGN_STYLE = Automatic;
				DEVELOPMENT_TEAM = 8FPR9ASV66;
				FRAMEWORK_SEARCH_PATHS = (
					"$(inherited)",
					"$(PROJECT_DIR)",
				);
				INFOPLIST_FILE = PolyPod/Info.plist;
				LD_RUNPATH_SEARCH_PATHS = (
					"$(inherited)",
					"@executable_path/Frameworks",
				);
				PRODUCT_BUNDLE_IDENTIFIER = com.polypoly.PolyPod;
				PRODUCT_NAME = "$(TARGET_NAME)";
				SWIFT_VERSION = 5.0;
				TARGETED_DEVICE_FAMILY = "1,2";
			};
			name = Release;
		};
/* End XCBuildConfiguration section */

/* Begin XCConfigurationList section */
		1A66F7792493743D00ED4308 /* Build configuration list for PBXNativeTarget "PolyPodTests" */ = {
			isa = XCConfigurationList;
			buildConfigurations = (
				1A66F77A2493743D00ED4308 /* Debug */,
				1A66F77B2493743D00ED4308 /* Release */,
			);
			defaultConfigurationIsVisible = 0;
			defaultConfigurationName = Release;
		};
		1AA6DE2A24191C94008DB1B2 /* Build configuration list for PBXProject "PolyPod" */ = {
			isa = XCConfigurationList;
			buildConfigurations = (
				1AA6DE4124191C96008DB1B2 /* Debug */,
				1AA6DE4224191C96008DB1B2 /* Release */,
			);
			defaultConfigurationIsVisible = 0;
			defaultConfigurationName = Release;
		};
		1AA6DE4324191C96008DB1B2 /* Build configuration list for PBXNativeTarget "PolyPod" */ = {
			isa = XCConfigurationList;
			buildConfigurations = (
				1AA6DE4424191C96008DB1B2 /* Debug */,
				1AA6DE4524191C96008DB1B2 /* Release */,
			);
			defaultConfigurationIsVisible = 0;
			defaultConfigurationName = Release;
		};
/* End XCConfigurationList section */

/* Begin XCRemoteSwiftPackageReference section */
		1A4C21D924A63DAB006CC1FD /* XCRemoteSwiftPackageReference "Zip" */ = {
			isa = XCRemoteSwiftPackageReference;
			repositoryURL = "https://github.com/marmelroy/Zip.git";
			requirement = {
				kind = upToNextMajorVersion;
				minimumVersion = 2.0.0;
			};
		};
/* End XCRemoteSwiftPackageReference section */

/* Begin XCSwiftPackageProductDependency section */
		1A4C21DA24A63DAB006CC1FD /* Zip */ = {
			isa = XCSwiftPackageProductDependency;
			package = 1A4C21D924A63DAB006CC1FD /* XCRemoteSwiftPackageReference "Zip" */;
			productName = Zip;
		};
/* End XCSwiftPackageProductDependency section */

/* Begin XCVersionGroup section */
		1A4C21C324A5F6A2006CC1FD /* PolyPodModel.xcdatamodeld */ = {
			isa = XCVersionGroup;
			children = (
				1A4C21C424A5F6A2006CC1FD /* PolyPodModel.xcdatamodel */,
			);
			currentVersion = 1A4C21C424A5F6A2006CC1FD /* PolyPodModel.xcdatamodel */;
			path = PolyPodModel.xcdatamodeld;
			sourceTree = "<group>";
			versionGroupType = wrapper.xcdatamodel;
		};
/* End XCVersionGroup section */
	};
	rootObject = 1AA6DE2724191C94008DB1B2 /* Project object */;
}
