{
  "requires": true,
  "lockfileVersion": 1,
  "dependencies": {
    "@polypoly-eu/feature-bootstrap": {
      "version": "0.0.3",
      "resolved": "https://npm.pkg.github.com/download/@polypoly-eu/feature-bootstrap/0.0.3/5a635118ff3929e49a7ae60104047456db6b1404f29855012ae3c728a6527f0a",
      "integrity": "sha512-XT+qnRuV6g1uKynTx+sFF5EbgP4+Kwc/4I23KgfzT1WAeGxozp0Ocx9r5IMGHAyx4kwy9m/3kOUKT178kT85Rg=="
    }
  }
}
