{
  "name": "facebook-zip-file-structure",
  "lockfileVersion": 2,
  "requires": true,
  "packages": {
    "": {
      "name": "facebook-zip-file-structure",
      "dependencies": {
        "@zip.js/zip.js": "2.3.7"
      }
    },
    "node_modules/@zip.js/zip.js": {
      "version": "2.3.7",
      "resolved": "https://registry.npmjs.org/@zip.js/zip.js/-/zip.js-2.3.7.tgz",
      "integrity": "sha512-7CAH3iZIy51xld7h3MTI79HAjWvyGZyZUOJ7tX2GXePaVvEb9OxVUAoAKSC19Qlvt6vN+Rhe93OZKqeWmdT8eA=="
    }
  },
  "dependencies": {
    "@zip.js/zip.js": {
      "version": "2.3.7",
      "resolved": "https://registry.npmjs.org/@zip.js/zip.js/-/zip.js-2.3.7.tgz",
      "integrity": "sha512-7CAH3iZIy51xld7h3MTI79HAjWvyGZyZUOJ7tX2GXePaVvEb9OxVUAoAKSC19Qlvt6vN+Rhe93OZKqeWmdT8eA=="
    }
  }
}
