# THIS IS AN AUTOGENERATED FILE. DO NOT EDIT THIS FILE DIRECTLY.
# yarn lockfile v1


"@msgpack/msgpack@^2.0.0":
  version "2.3.0"
  resolved "https://registry.yarnpkg.com/@msgpack/msgpack/-/msgpack-2.3.0.tgz#a9043b920837b2dd63482e7bf6b8345813e9816b"
  integrity sha512-xxRejzNpiVQ2lzxMG/yo2ocfZSk+cKo2THq54AimaubMucg66DpQm9Yj7ESMr/l2EqDkmF2Dx4r0F/cbsitAaw==

"@polypoly-eu/aop-ts@file:../aop-ts":
  version "0.0.1"

"@polypoly-eu/bubblewrap@file:../bubblewrap":
  version "0.1.2"
  dependencies:
    "@msgpack/msgpack" "^2.0.0"

"@polypoly-eu/fetch-spec@file:../fetch-spec":
  version "0.0.1"

"@polypoly-eu/podigree@file:../podigree":
  version "0.6.2"
  dependencies:
    "@polypoly-eu/aop-ts" "file:../../../../Library/Caches/Yarn/v6/npm-@polypoly-eu-podigree-0.6.2-a3333404-b71d-48c5-ab90-1f059cc264ea-1611856727420/node_modules/@polypoly-eu/aop-ts"
    "@polypoly-eu/bubblewrap" "file:../../../../Library/Caches/Yarn/v6/npm-@polypoly-eu-podigree-0.6.2-a3333404-b71d-48c5-ab90-1f059cc264ea-1611856727420/node_modules/@polypoly-eu/bubblewrap"
    "@polypoly-eu/poly-api" "file:../../../../Library/Caches/Yarn/v6/npm-@polypoly-eu-podigree-0.6.2-a3333404-b71d-48c5-ab90-1f059cc264ea-1611856727420/node_modules/@polypoly-eu/poly-api"
    "@polypoly-eu/port-authority" "file:../../../../Library/Caches/Yarn/v6/npm-@polypoly-eu-podigree-0.6.2-a3333404-b71d-48c5-ab90-1f059cc264ea-1611856727420/node_modules/@polypoly-eu/port-authority"
    "@polypoly-eu/postoffice" "file:../../../../Library/Caches/Yarn/v6/npm-@polypoly-eu-podigree-0.6.2-a3333404-b71d-48c5-ab90-1f059cc264ea-1611856727420/node_modules/@polypoly-eu/postoffice"
    "@polypoly-eu/rdf" "file:../../../../Library/Caches/Yarn/v6/npm-@polypoly-eu-podigree-0.6.2-a3333404-b71d-48c5-ab90-1f059cc264ea-1611856727420/node_modules/@polypoly-eu/rdf"
    "@polypoly-eu/rdf-convert" "file:../../../../Library/Caches/Yarn/v6/npm-@polypoly-eu-podigree-0.6.2-a3333404-b71d-48c5-ab90-1f059cc264ea-1611856727420/node_modules/@polypoly-eu/rdf-convert"
    "@rdfjs/dataset" "^1.0.1"
    "@types/rdf-js" "^4.0.0"
    fp-ts "^2.8.2"
    io-ts "2.2.10"
    memfs "^3.2.0"

"@polypoly-eu/poly-api@file:../poly-api":
  version "0.7.2"
  dependencies:
    "@polypoly-eu/fetch-spec" "file:../../../../Library/Caches/Yarn/v6/npm-@polypoly-eu-poly-api-0.7.2-fc4dd942-75b3-4351-b4b2-e9663b29468c-1611856727492/node_modules/@polypoly-eu/fetch-spec"
    "@polypoly-eu/rdf" "file:../../../../Library/Caches/Yarn/v6/npm-@polypoly-eu-poly-api-0.7.2-fc4dd942-75b3-4351-b4b2-e9663b29468c-1611856727492/node_modules/@polypoly-eu/rdf"
    "@types/rdf-js" "^4.0.0"

"@polypoly-eu/port-authority@file:../port-authority":
  version "0.2.1"
  dependencies:
    "@polypoly-eu/bubblewrap" "file:../../../../Library/Caches/Yarn/v6/npm-@polypoly-eu-port-authority-0.2.1-6ce2f8fd-02ad-4b92-bb18-f1d47db9b806-1611856727477/node_modules/@polypoly-eu/bubblewrap"
    "@types/body-parser" "^1.19.0"
    "@types/connect" "^3.4.33"
    "@types/node" "^14.6.4"

"@polypoly-eu/postoffice@file:../postoffice":
  version "0.1.0"

"@polypoly-eu/rdf-convert@file:../rdf-convert":
  version "0.1.0"
  dependencies:
    "@types/rdf-js" "^4.0.0"

"@polypoly-eu/rdf@file:../rdf":
  version "0.2.0"
  dependencies:
    "@types/rdf-js" "^4.0.0"

"@rdfjs/data-model@^1.1.1":
  version "1.2.0"
  resolved "https://registry.yarnpkg.com/@rdfjs/data-model/-/data-model-1.2.0.tgz#1daa39f26d48e0ec4d6a60fc4150db7d7ef1bab2"
  integrity sha512-6ITWcu2sr9zJqXUPDm1XJ8DRpea7PotWBIkTzuO1MCSruLOWH2ICoQOAtlJy30cT+GqH9oAQKPR+CHXejsdizA==
  dependencies:
    "@types/rdf-js" "*"

"@rdfjs/dataset@^1.0.1":
  version "1.0.1"
  resolved "https://registry.yarnpkg.com/@rdfjs/dataset/-/dataset-1.0.1.tgz#3dd1c378b568eaf55931195ca1c6a84cd34637eb"
  integrity sha512-k/c6g4K881QX7LE3eskg6t1j31zDe+CKwTEiKkSCFk6M25gUJ/BReT/FrLdKmPjhXp+YOgHj97AtEphzTeKVeA==
  dependencies:
    "@rdfjs/data-model" "^1.1.1"

"@types/body-parser@^1.19.0":
  version "1.19.0"
  resolved "https://registry.yarnpkg.com/@types/body-parser/-/body-parser-1.19.0.tgz#0685b3c47eb3006ffed117cdd55164b61f80538f"
  integrity sha512-W98JrE0j2K78swW4ukqMleo8R7h/pFETjM2DQ90MF6XK2i4LO4W3gQ71Lt4w3bfm2EvVSyWHplECvB5sK22yFQ==
  dependencies:
    "@types/connect" "*"
    "@types/node" "*"

"@types/connect@*", "@types/connect@^3.4.33":
  version "3.4.34"
  resolved "https://registry.yarnpkg.com/@types/connect/-/connect-3.4.34.tgz#170a40223a6d666006d93ca128af2beb1d9b1901"
  integrity sha512-ePPA/JuI+X0vb+gSWlPKOY0NdNAie/rPUqX2GUPpbZwiKTkSPhjXWuee47E4MtE54QVzGCQMQkAL6JhV2E1+cQ==
  dependencies:
    "@types/node" "*"

"@types/node@*", "@types/node@^14.6.4":
  version "14.14.22"
  resolved "https://registry.yarnpkg.com/@types/node/-/node-14.14.22.tgz#0d29f382472c4ccf3bd96ff0ce47daf5b7b84b18"
  integrity sha512-g+f/qj/cNcqKkc3tFqlXOYjrmZA+jNBiDzbP3kH+B+otKFqAdPgVTGP1IeKRdMml/aE69as5S4FqtxAbl+LaMw==

"@types/rdf-js@*", "@types/rdf-js@^4.0.0":
  version "4.0.0"
  resolved "https://registry.yarnpkg.com/@types/rdf-js/-/rdf-js-4.0.0.tgz#96f7314b09b77ecd16fca7f358db90db8ac86d1b"
  integrity sha512-2uaR7ks0380MqzUWGOPOOk9yZIr/6MOaCcaj3ntKgd2PqNocgi8j5kSHIJTDe+5ABtTHqKMSE0v0UqrsT8ibgQ==
  dependencies:
    "@types/node" "*"

fp-ts@^2.8.2:
  version "2.9.3"
  resolved "https://registry.yarnpkg.com/fp-ts/-/fp-ts-2.9.3.tgz#419b9103018ddf7c785acf2b3fecb2662afab5af"
  integrity sha512-NjzcHYgigcbPQ6yJ52zwgsVDwKz3vwy9sjbxyzcvfXQm+j1BGeOPRuzLKEwsLyE4Xut6gG1FXJtsU9/gUB7tXg==

fs-monkey@1.0.1:
  version "1.0.1"
  resolved "https://registry.yarnpkg.com/fs-monkey/-/fs-monkey-1.0.1.tgz#4a82f36944365e619f4454d9fff106553067b781"
  integrity sha512-fcSa+wyTqZa46iWweI7/ZiUfegOZl0SG8+dltIwFXo7+zYU9J9kpS3NB6pZcSlJdhvIwp81Adx2XhZorncxiaA==

io-ts@2.2.10:
  version "2.2.10"
  resolved "https://registry.yarnpkg.com/io-ts/-/io-ts-2.2.10.tgz#447d02df51717464a90712b146ec8dbc21b4a74b"
  integrity sha512-WHx5jJe7hPpc6JoSIVbD+Xn6tYqe3cRvNpX24d8Wi15/kxhRWa8apo0Gzag6Xg99sCNY9OHKylw/Vhv0JAbNPQ==

memfs@^3.2.0:
  version "3.2.0"
  resolved "https://registry.yarnpkg.com/memfs/-/memfs-3.2.0.tgz#f9438e622b5acd1daa8a4ae160c496fdd1325b26"
  integrity sha512-f/xxz2TpdKv6uDn6GtHee8ivFyxwxmPuXatBb1FBwxYNuVpbM3k/Y1Z+vC0mH/dIXXrukYfe3qe5J32Dfjg93A==
  dependencies:
    fs-monkey "1.0.1"
