{
  "name": "test-feature",
  "lockfileVersion": 2,
  "requires": true,
  "packages": {
    "": {
      "name": "test-feature",
      "dependencies": {
        "@polypoly-eu/pod-api": "file:../../core/api/pod-api",
        "@rdfjs/data-model": "^1.2.0"
      },
      "devDependencies": {
        "@types/rdf-js": "^4.0.0"
      }
    },
    "../../core/api/pod-api": {
      "name": "@polypoly-eu/pod-api",
      "version": "0.7.2",
      "dependencies": {
        "@polypoly-eu/fetch-spec": "file:../fetch-spec",
        "@polypoly-eu/rdf": "file:../rdf"
      },
      "devDependencies": {
        "@polypoly-eu/dummy-server": "file:../../utils/dummy-server",
        "@polypoly-eu/rdf-spec": "file:../rdf-spec",
        "@rdfjs/dataset": "^1.0.1",
        "@types/chai": "^4.2.14",
        "@types/chai-as-promised": "^7.1.3",
        "@types/node": "^14.14.21",
        "@types/node-fetch": "^2.5.8",
        "@types/rdfjs__dataset": "^1.0.4",
        "chai": "^4.2.0",
        "chai-as-promised": "^7.1.1",
        "fast-check": "^2.11.0",
        "memfs": "^3.2.0",
        "node-fetch": "^2.6.1",
        "typedoc": "^0.20.36"
      },
      "peerDependencies": {
        "@polypoly-eu/rdf-spec": "*",
        "chai": "^4.2.0",
        "chai-as-promised": "^7.1.1",
        "fast-check": "^2.11.0"
      }
    },
    "node_modules/@polypoly-eu/pod-api": {
      "resolved": "../../core/api/pod-api",
      "link": true
    },
    "node_modules/@rdfjs/data-model": {
      "version": "1.2.0",
      "resolved": "https://registry.npmjs.org/@rdfjs/data-model/-/data-model-1.2.0.tgz",
      "integrity": "sha512-6ITWcu2sr9zJqXUPDm1XJ8DRpea7PotWBIkTzuO1MCSruLOWH2ICoQOAtlJy30cT+GqH9oAQKPR+CHXejsdizA==",
      "dependencies": {
        "@types/rdf-js": "*"
      },
      "bin": {
        "rdfjs-data-model-test": "bin/test.js"
      },
      "engines": {
        "node": ">=6"
      }
    },
    "node_modules/@types/node": {
      "version": "14.14.22",
      "resolved": "https://registry.npmjs.org/@types/node/-/node-14.14.22.tgz",
      "integrity": "sha512-g+f/qj/cNcqKkc3tFqlXOYjrmZA+jNBiDzbP3kH+B+otKFqAdPgVTGP1IeKRdMml/aE69as5S4FqtxAbl+LaMw=="
    },
    "node_modules/@types/rdf-js": {
      "version": "4.0.1",
      "resolved": "https://registry.npmjs.org/@types/rdf-js/-/rdf-js-4.0.1.tgz",
      "integrity": "sha512-S+28+3RoFI+3arls7dS813gYnhb2HiyLX+gs00rgIvCzHU93DaYajhx4tyT+XEO8SjtzZw90OF4OVdYXBwbvkQ==",
      "dependencies": {
        "@types/node": "*"
      }
    }
  },
  "dependencies": {
    "@polypoly-eu/pod-api": {
      "version": "file:../../core/api/pod-api",
      "requires": {
        "@polypoly-eu/dummy-server": "file:../../utils/dummy-server",
        "@polypoly-eu/fetch-spec": "file:../fetch-spec",
        "@polypoly-eu/rdf": "file:../rdf",
        "@polypoly-eu/rdf-spec": "file:../rdf-spec",
        "@rdfjs/dataset": "^1.0.1",
        "@types/chai": "^4.2.14",
        "@types/chai-as-promised": "^7.1.3",
        "@types/node": "^14.14.21",
        "@types/node-fetch": "^2.5.8",
        "@types/rdfjs__dataset": "^1.0.4",
        "chai": "^4.2.0",
        "chai-as-promised": "^7.1.1",
        "fast-check": "^2.11.0",
        "memfs": "^3.2.0",
        "node-fetch": "^2.6.1",
        "typedoc": "^0.20.36"
      }
    },
    "@rdfjs/data-model": {
      "version": "1.2.0",
      "resolved": "https://registry.npmjs.org/@rdfjs/data-model/-/data-model-1.2.0.tgz",
      "integrity": "sha512-6ITWcu2sr9zJqXUPDm1XJ8DRpea7PotWBIkTzuO1MCSruLOWH2ICoQOAtlJy30cT+GqH9oAQKPR+CHXejsdizA==",
      "requires": {
        "@types/rdf-js": "*"
      }
    },
    "@types/node": {
      "version": "14.14.22",
      "resolved": "https://registry.npmjs.org/@types/node/-/node-14.14.22.tgz",
      "integrity": "sha512-g+f/qj/cNcqKkc3tFqlXOYjrmZA+jNBiDzbP3kH+B+otKFqAdPgVTGP1IeKRdMml/aE69as5S4FqtxAbl+LaMw=="
    },
    "@types/rdf-js": {
      "version": "4.0.1",
      "resolved": "https://registry.npmjs.org/@types/rdf-js/-/rdf-js-4.0.1.tgz",
      "integrity": "sha512-S+28+3RoFI+3arls7dS813gYnhb2HiyLX+gs00rgIvCzHU93DaYajhx4tyT+XEO8SjtzZw90OF4OVdYXBwbvkQ==",
      "requires": {
        "@types/node": "*"
      }
    }
  }
}
